
Microsoft Visual Studio Solution File, Format Version 10.00
# Visual Studio 2008
Project("{8BC9CEB8-8B4A-11D0-8D11-00A0C91BC942}") = "pcsx2", "pcsx2\windows\VCprojects\pcsx2_2008.vcproj", "{1CEFD830-2B76-4596-A4EE-BCD7280A60BD}"
EndProject
Global
	GlobalSection(SolutionConfigurationPlatforms) = preSolution
		Debug vm|Win32 = Debug vm|Win32
		Debug vtlb|Win32 = Debug vtlb|Win32
		Release vm (to Public)|Win32 = Release vm (to Public)|Win32
		Release vm|Win32 = Release vm|Win32
		Release vtlb (to Public)|Win32 = Release vtlb (to Public)|Win32
		Release vtlb|Win32 = Release vtlb|Win32
	EndGlobalSection
	GlobalSection(ProjectConfigurationPlatforms) = postSolution
		{1CEFD830-2B76-4596-A4EE-BCD7280A60BD}.Debug vm|Win32.ActiveCfg = Debug vm|Win32
		{1CEFD830-2B76-4596-A4EE-BCD7280A60BD}.Debug vm|Win32.Build.0 = Debug vm|Win32
		{1CEFD830-2B76-4596-A4EE-BCD7280A60BD}.Debug vtlb|Win32.ActiveCfg = Debug vtlb|Win32
		{1CEFD830-2B76-4596-A4EE-BCD7280A60BD}.Debug vtlb|Win32.Build.0 = Debug vtlb|Win32
		{1CEFD830-2B76-4596-A4EE-BCD7280A60BD}.Release vm (to Public)|Win32.ActiveCfg = Release VM (to Public)|Win32
		{1CEFD830-2B76-4596-A4EE-BCD7280A60BD}.Release vm (to Public)|Win32.Build.0 = Release VM (to Public)|Win32
		{1CEFD830-2B76-4596-A4EE-BCD7280A60BD}.Release vm|Win32.ActiveCfg = Release VM|Win32
		{1CEFD830-2B76-4596-A4EE-BCD7280A60BD}.Release vm|Win32.Build.0 = Release VM|Win32
		{1CEFD830-2B76-4596-A4EE-BCD7280A60BD}.Release vtlb (to Public)|Win32.ActiveCfg = Release vtlb (to Public)|Win32
		{1CEFD830-2B76-4596-A4EE-BCD7280A60BD}.Release vtlb (to Public)|Win32.Build.0 = Release vtlb (to Public)|Win32
		{1CEFD830-2B76-4596-A4EE-BCD7280A60BD}.Release vtlb|Win32.ActiveCfg = Release vtlb|Win32
		{1CEFD830-2B76-4596-A4EE-BCD7280A60BD}.Release vtlb|Win32.Build.0 = Release vtlb|Win32
	EndGlobalSection
	GlobalSection(SolutionProperties) = preSolution
		HideSolutionNode = FALSE
	EndGlobalSection
EndGlobal
