
Microsoft Visual Studio Solution File, Format Version 12.00
# Visual Studio Version 17
VisualStudioVersion = 17.0.31606.5
MinimumVisualStudioVersion = 10.0.40219.1
Project("{2150E333-8FDC-42A3-9474-1A3956D46DE8}") = "3rdparty", "3rdparty", "{78EBE642-7A4D-4EA7-86BE-5639C6646C38}"
EndProject
Project("{8BC9CEB8-8B4A-11D0-8D11-00A0C91BC942}") = "pcsx2-qt", "pcsx2-qt\pcsx2-qt.vcxproj", "{2A016F21-87AE-4154-8271-1F57E91408E9}"
EndProject
Project("{8BC9CEB8-8B4A-11D0-8D11-00A0C91BC942}") = "SoundTouch", "3rdparty\soundtouch\SoundTouch.vcxproj", "{E9B51944-7E6D-4BCD-83F2-7BBD5A46182D}"
EndProject
Project("{8BC9CEB8-8B4A-11D0-8D11-00A0C91BC942}") = "zlib", "3rdparty\zlib\zlib.vcxproj", "{2F6C0388-20CB-4242-9F6C-A6EBB6A83F47}"
EndProject
Project("{8BC9CEB8-8B4A-11D0-8D11-00A0C91BC942}") = "libjpeg", "3rdparty\libjpeg\libjpeg.vcxproj", "{BC236261-77E8-4567-8D09-45CD02965EB6}"
EndProject
Project("{8BC9CEB8-8B4A-11D0-8D11-00A0C91BC942}") = "libpng", "3rdparty\libpng\projects\vstudio\libpng\libpng.vcxproj", "{D6973076-9317-4EF2-A0B8-B7A18AC0713E}"
EndProject
Project("{8BC9CEB8-8B4A-11D0-8D11-00A0C91BC942}") = "liblzma", "3rdparty\xz\liblzma.vcxproj", "{12728250-16EC-4DC6-94D7-E21DD88947F8}"
EndProject
Project("{8BC9CEB8-8B4A-11D0-8D11-00A0C91BC942}") = "fmt", "3rdparty\fmt\fmt.vcxproj", "{449AD25E-424A-4714-BABC-68706CDCC33B}"
EndProject
Project("{8BC9CEB8-8B4A-11D0-8D11-00A0C91BC942}") = "libchdr", "3rdparty\libchdr\libchdr.vcxproj", "{A0D2B3AD-1F72-4EE3-8B5C-F2C358DA35F0}"
EndProject
Project("{8BC9CEB8-8B4A-11D0-8D11-00A0C91BC942}") = "jpgd", "3rdparty\jpgd\jpgd.vcxproj", "{ED2F21FD-0A36-4A8F-9B90-E7D92A2ACB63}"
EndProject
Project("{8BC9CEB8-8B4A-11D0-8D11-00A0C91BC942}") = "common", "common\common.vcxproj", "{4639972E-424E-4E13-8B07-CA403C481346}"
EndProject
Project("{8BC9CEB8-8B4A-11D0-8D11-00A0C91BC942}") = "pcsx2", "pcsx2\pcsx2.vcxproj", "{6C7986C4-3E4D-4DCC-B3C6-6BB12B238995}"
EndProject
Project("{8BC9CEB8-8B4A-11D0-8D11-00A0C91BC942}") = "glad", "3rdparty\glad\glad.vcxproj", "{C0293B32-5ACF-40F0-AA6C-E6DA6F3BF33A}"
EndProject
Project("{8BC9CEB8-8B4A-11D0-8D11-00A0C91BC942}") = "imgui", "3rdparty\imgui\imgui.vcxproj", "{88FB34EC-845E-4F21-A552-F1573B9ED167}"
EndProject
Project("{8BC9CEB8-8B4A-11D0-8D11-00A0C91BC942}") = "simpleini", "3rdparty\simpleini\simpleini.vcxproj", "{1EC8B3C0-8FB3-46DE-A2E0-A9121203F266}"
EndProject
Project("{8BC9CEB8-8B4A-11D0-8D11-00A0C91BC942}") = "cubeb", "3rdparty\cubeb\cubeb.vcxproj", "{BF74C473-DC04-44B3-92E8-4145F4E77342}"
EndProject
Project("{8BC9CEB8-8B4A-11D0-8D11-00A0C91BC942}") = "ryml", "3rdparty\rapidyaml\ryml.vcxproj", "{DE9653B6-17DD-356A-9EE0-28A731772587}"
EndProject
Project("{8BC9CEB8-8B4A-11D0-8D11-00A0C91BC942}") = "glslang", "3rdparty\glslang\glslang.vcxproj", "{EF6834A9-11F3-4331-BC34-21B325ABB180}"
EndProject
Project("{8BC9CEB8-8B4A-11D0-8D11-00A0C91BC942}") = "libzip", "3rdparty\libzip\libzip.vcxproj", "{20B2E9FE-F020-42A0-B324-956F5B06EA68}"
EndProject
Project("{8BC9CEB8-8B4A-11D0-8D11-00A0C91BC942}") = "zstd", "3rdparty\zstd\zstd.vcxproj", "{52244028-937A-44E9-A76B-2BEA18FD239A}"
EndProject
Project("{8BC9CEB8-8B4A-11D0-8D11-00A0C91BC942}") = "d3d12memalloc", "3rdparty\d3d12memalloc\d3d12memalloc.vcxproj", "{D45CEC7A-3171-40DD-975D-E1544CF16139}"
EndProject
Project("{8BC9CEB8-8B4A-11D0-8D11-00A0C91BC942}") = "lzma", "3rdparty\lzma\lzma.vcxproj", "{A4323327-3F2B-4271-83D9-7F9A3C66B6B2}"
EndProject
Project("{8BC9CEB8-8B4A-11D0-8D11-00A0C91BC942}") = "updater", "updater\updater.vcxproj", "{90BBDC04-CC44-4006-B893-06A4FEA8ED47}"
EndProject
Project("{8BC9CEB8-8B4A-11D0-8D11-00A0C91BC942}") = "cpuinfo", "3rdparty\cpuinfo\cpuinfo.vcxproj", "{7E183337-A7E9-460C-9D3D-568BC9F9BCC1}"
EndProject
Project("{8BC9CEB8-8B4A-11D0-8D11-00A0C91BC942}") = "rcheevos", "3rdparty\rcheevos\rcheevos.vcxproj", "{6D5B5AD9-1525-459B-939F-A5E1082AF6B3}"
EndProject
Project("{8BC9CEB8-8B4A-11D0-8D11-00A0C91BC942}") = "rainterface", "3rdparty\rainterface\rainterface.vcxproj", "{95DD0A0C-D14D-4CFF-A593-820EF26EFCC8}"
EndProject
Project("{8BC9CEB8-8B4A-11D0-8D11-00A0C91BC942}") = "discord-rpc", "3rdparty\discord-rpc\discord-rpc.vcxproj", "{E960DFDF-1BD3-4C29-B251-D1A0919C9B09}"
EndProject
Project("{8BC9CEB8-8B4A-11D0-8D11-00A0C91BC942}") = "pcsx2-gsrunner", "pcsx2-gsrunner\pcsx2-gsrunner.vcxproj", "{BB98BF81-A132-444A-BB81-96D510F433A8}"
EndProject
Project("{8BC9CEB8-8B4A-11D0-8D11-00A0C91BC942}") = "zydis", "3rdparty\zydis\zydis.vcxproj", "{67D0160C-0FE4-44B9-AC2E-82BBCF4104DF}"
EndProject
Project("{8BC9CEB8-8B4A-11D0-8D11-00A0C91BC942}") = "demangler", "3rdparty\demangler\demangler.vcxproj", "{1E3D706C-1D95-4E1B-BDF2-CA3D0007DF7F}"
EndProject
Global
	GlobalSection(SolutionConfigurationPlatforms) = preSolution
		Debug AVX2|x64 = Debug AVX2|x64
		Debug Clang AVX2|x64 = Debug Clang AVX2|x64
		Debug Clang|x64 = Debug Clang|x64
		Debug|x64 = Debug|x64
		Devel AVX2|x64 = Devel AVX2|x64
		Devel Clang AVX2|x64 = Devel Clang AVX2|x64
		Devel Clang|x64 = Devel Clang|x64
		Devel|x64 = Devel|x64
		Release AVX2|x64 = Release AVX2|x64
		Release Clang AVX2|x64 = Release Clang AVX2|x64
		Release Clang|x64 = Release Clang|x64
		Release|x64 = Release|x64
	EndGlobalSection
	GlobalSection(ProjectConfigurationPlatforms) = postSolution
		{2A016F21-87AE-4154-8271-1F57E91408E9}.Debug AVX2|x64.ActiveCfg = Debug AVX2|x64
		{2A016F21-87AE-4154-8271-1F57E91408E9}.Debug AVX2|x64.Build.0 = Debug AVX2|x64
		{2A016F21-87AE-4154-8271-1F57E91408E9}.Debug Clang AVX2|x64.ActiveCfg = Debug Clang AVX2|x64
		{2A016F21-87AE-4154-8271-1F57E91408E9}.Debug Clang AVX2|x64.Build.0 = Debug Clang AVX2|x64
		{2A016F21-87AE-4154-8271-1F57E91408E9}.Debug Clang|x64.ActiveCfg = Debug Clang|x64
		{2A016F21-87AE-4154-8271-1F57E91408E9}.Debug Clang|x64.Build.0 = Debug Clang|x64
		{2A016F21-87AE-4154-8271-1F57E91408E9}.Debug|x64.ActiveCfg = Debug|x64
		{2A016F21-87AE-4154-8271-1F57E91408E9}.Debug|x64.Build.0 = Debug|x64
		{2A016F21-87AE-4154-8271-1F57E91408E9}.Devel AVX2|x64.ActiveCfg = Devel AVX2|x64
		{2A016F21-87AE-4154-8271-1F57E91408E9}.Devel AVX2|x64.Build.0 = Devel AVX2|x64
		{2A016F21-87AE-4154-8271-1F57E91408E9}.Devel Clang AVX2|x64.ActiveCfg = Devel Clang AVX2|x64
		{2A016F21-87AE-4154-8271-1F57E91408E9}.Devel Clang AVX2|x64.Build.0 = Devel Clang AVX2|x64
		{2A016F21-87AE-4154-8271-1F57E91408E9}.Devel Clang|x64.ActiveCfg = Devel Clang|x64
		{2A016F21-87AE-4154-8271-1F57E91408E9}.Devel Clang|x64.Build.0 = Devel Clang|x64
		{2A016F21-87AE-4154-8271-1F57E91408E9}.Devel|x64.ActiveCfg = Devel|x64
		{2A016F21-87AE-4154-8271-1F57E91408E9}.Devel|x64.Build.0 = Devel|x64
		{2A016F21-87AE-4154-8271-1F57E91408E9}.Release AVX2|x64.ActiveCfg = Release AVX2|x64
		{2A016F21-87AE-4154-8271-1F57E91408E9}.Release AVX2|x64.Build.0 = Release AVX2|x64
		{2A016F21-87AE-4154-8271-1F57E91408E9}.Release Clang AVX2|x64.ActiveCfg = Release Clang AVX2|x64
		{2A016F21-87AE-4154-8271-1F57E91408E9}.Release Clang AVX2|x64.Build.0 = Release Clang AVX2|x64
		{2A016F21-87AE-4154-8271-1F57E91408E9}.Release Clang|x64.ActiveCfg = Release Clang|x64
		{2A016F21-87AE-4154-8271-1F57E91408E9}.Release Clang|x64.Build.0 = Release Clang|x64
		{2A016F21-87AE-4154-8271-1F57E91408E9}.Release|x64.ActiveCfg = Release|x64
		{2A016F21-87AE-4154-8271-1F57E91408E9}.Release|x64.Build.0 = Release|x64
		{E9B51944-7E6D-4BCD-83F2-7BBD5A46182D}.Debug AVX2|x64.ActiveCfg = Debug|x64
		{E9B51944-7E6D-4BCD-83F2-7BBD5A46182D}.Debug AVX2|x64.Build.0 = Debug|x64
		{E9B51944-7E6D-4BCD-83F2-7BBD5A46182D}.Debug Clang AVX2|x64.ActiveCfg = Debug Clang|x64
		{E9B51944-7E6D-4BCD-83F2-7BBD5A46182D}.Debug Clang AVX2|x64.Build.0 = Debug Clang|x64
		{E9B51944-7E6D-4BCD-83F2-7BBD5A46182D}.Debug Clang|x64.ActiveCfg = Debug Clang|x64
		{E9B51944-7E6D-4BCD-83F2-7BBD5A46182D}.Debug Clang|x64.Build.0 = Debug Clang|x64
		{E9B51944-7E6D-4BCD-83F2-7BBD5A46182D}.Debug|x64.ActiveCfg = Debug|x64
		{E9B51944-7E6D-4BCD-83F2-7BBD5A46182D}.Debug|x64.Build.0 = Debug|x64
		{E9B51944-7E6D-4BCD-83F2-7BBD5A46182D}.Devel AVX2|x64.ActiveCfg = Devel|x64
		{E9B51944-7E6D-4BCD-83F2-7BBD5A46182D}.Devel AVX2|x64.Build.0 = Devel|x64
		{E9B51944-7E6D-4BCD-83F2-7BBD5A46182D}.Devel Clang AVX2|x64.ActiveCfg = Devel Clang|x64
		{E9B51944-7E6D-4BCD-83F2-7BBD5A46182D}.Devel Clang AVX2|x64.Build.0 = Devel Clang|x64
		{E9B51944-7E6D-4BCD-83F2-7BBD5A46182D}.Devel Clang|x64.ActiveCfg = Devel Clang|x64
		{E9B51944-7E6D-4BCD-83F2-7BBD5A46182D}.Devel Clang|x64.Build.0 = Devel Clang|x64
		{E9B51944-7E6D-4BCD-83F2-7BBD5A46182D}.Devel|x64.ActiveCfg = Devel|x64
		{E9B51944-7E6D-4BCD-83F2-7BBD5A46182D}.Devel|x64.Build.0 = Devel|x64
		{E9B51944-7E6D-4BCD-83F2-7BBD5A46182D}.Release AVX2|x64.ActiveCfg = Release|x64
		{E9B51944-7E6D-4BCD-83F2-7BBD5A46182D}.Release AVX2|x64.Build.0 = Release|x64
		{E9B51944-7E6D-4BCD-83F2-7BBD5A46182D}.Release Clang AVX2|x64.ActiveCfg = Release Clang|x64
		{E9B51944-7E6D-4BCD-83F2-7BBD5A46182D}.Release Clang AVX2|x64.Build.0 = Release Clang|x64
		{E9B51944-7E6D-4BCD-83F2-7BBD5A46182D}.Release Clang|x64.ActiveCfg = Release Clang|x64
		{E9B51944-7E6D-4BCD-83F2-7BBD5A46182D}.Release Clang|x64.Build.0 = Release Clang|x64
		{E9B51944-7E6D-4BCD-83F2-7BBD5A46182D}.Release|x64.ActiveCfg = Release|x64
		{E9B51944-7E6D-4BCD-83F2-7BBD5A46182D}.Release|x64.Build.0 = Release|x64
		{2F6C0388-20CB-4242-9F6C-A6EBB6A83F47}.Debug AVX2|x64.ActiveCfg = Debug|x64
		{2F6C0388-20CB-4242-9F6C-A6EBB6A83F47}.Debug AVX2|x64.Build.0 = Debug|x64
		{2F6C0388-20CB-4242-9F6C-A6EBB6A83F47}.Debug Clang AVX2|x64.ActiveCfg = Debug Clang|x64
		{2F6C0388-20CB-4242-9F6C-A6EBB6A83F47}.Debug Clang AVX2|x64.Build.0 = Debug Clang|x64
		{2F6C0388-20CB-4242-9F6C-A6EBB6A83F47}.Debug Clang|x64.ActiveCfg = Debug Clang|x64
		{2F6C0388-20CB-4242-9F6C-A6EBB6A83F47}.Debug Clang|x64.Build.0 = Debug Clang|x64
		{2F6C0388-20CB-4242-9F6C-A6EBB6A83F47}.Debug|x64.ActiveCfg = Debug|x64
		{2F6C0388-20CB-4242-9F6C-A6EBB6A83F47}.Debug|x64.Build.0 = Debug|x64
		{2F6C0388-20CB-4242-9F6C-A6EBB6A83F47}.Devel AVX2|x64.ActiveCfg = Devel|x64
		{2F6C0388-20CB-4242-9F6C-A6EBB6A83F47}.Devel AVX2|x64.Build.0 = Devel|x64
		{2F6C0388-20CB-4242-9F6C-A6EBB6A83F47}.Devel Clang AVX2|x64.ActiveCfg = Devel Clang|x64
		{2F6C0388-20CB-4242-9F6C-A6EBB6A83F47}.Devel Clang AVX2|x64.Build.0 = Devel Clang|x64
		{2F6C0388-20CB-4242-9F6C-A6EBB6A83F47}.Devel Clang|x64.ActiveCfg = Devel Clang|x64
		{2F6C0388-20CB-4242-9F6C-A6EBB6A83F47}.Devel Clang|x64.Build.0 = Devel Clang|x64
		{2F6C0388-20CB-4242-9F6C-A6EBB6A83F47}.Devel|x64.ActiveCfg = Devel|x64
		{2F6C0388-20CB-4242-9F6C-A6EBB6A83F47}.Devel|x64.Build.0 = Devel|x64
		{2F6C0388-20CB-4242-9F6C-A6EBB6A83F47}.Release AVX2|x64.ActiveCfg = Release|x64
		{2F6C0388-20CB-4242-9F6C-A6EBB6A83F47}.Release AVX2|x64.Build.0 = Release|x64
		{2F6C0388-20CB-4242-9F6C-A6EBB6A83F47}.Release Clang AVX2|x64.ActiveCfg = Release Clang|x64
		{2F6C0388-20CB-4242-9F6C-A6EBB6A83F47}.Release Clang AVX2|x64.Build.0 = Release Clang|x64
		{2F6C0388-20CB-4242-9F6C-A6EBB6A83F47}.Release Clang|x64.ActiveCfg = Release Clang|x64
		{2F6C0388-20CB-4242-9F6C-A6EBB6A83F47}.Release Clang|x64.Build.0 = Release Clang|x64
		{2F6C0388-20CB-4242-9F6C-A6EBB6A83F47}.Release|x64.ActiveCfg = Release|x64
		{2F6C0388-20CB-4242-9F6C-A6EBB6A83F47}.Release|x64.Build.0 = Release|x64
		{BC236261-77E8-4567-8D09-45CD02965EB6}.Debug AVX2|x64.ActiveCfg = Debug|x64
		{BC236261-77E8-4567-8D09-45CD02965EB6}.Debug AVX2|x64.Build.0 = Debug|x64
		{BC236261-77E8-4567-8D09-45CD02965EB6}.Debug Clang AVX2|x64.ActiveCfg = Debug Clang|x64
		{BC236261-77E8-4567-8D09-45CD02965EB6}.Debug Clang AVX2|x64.Build.0 = Debug Clang|x64
		{BC236261-77E8-4567-8D09-45CD02965EB6}.Debug Clang|x64.ActiveCfg = Debug Clang|x64
		{BC236261-77E8-4567-8D09-45CD02965EB6}.Debug Clang|x64.Build.0 = Debug Clang|x64
		{BC236261-77E8-4567-8D09-45CD02965EB6}.Debug|x64.ActiveCfg = Debug|x64
		{BC236261-77E8-4567-8D09-45CD02965EB6}.Debug|x64.Build.0 = Debug|x64
		{BC236261-77E8-4567-8D09-45CD02965EB6}.Devel AVX2|x64.ActiveCfg = Devel|x64
		{BC236261-77E8-4567-8D09-45CD02965EB6}.Devel AVX2|x64.Build.0 = Devel|x64
		{BC236261-77E8-4567-8D09-45CD02965EB6}.Devel Clang AVX2|x64.ActiveCfg = Devel Clang|x64
		{BC236261-77E8-4567-8D09-45CD02965EB6}.Devel Clang AVX2|x64.Build.0 = Devel Clang|x64
		{BC236261-77E8-4567-8D09-45CD02965EB6}.Devel Clang|x64.ActiveCfg = Devel Clang|x64
		{BC236261-77E8-4567-8D09-45CD02965EB6}.Devel Clang|x64.Build.0 = Devel Clang|x64
		{BC236261-77E8-4567-8D09-45CD02965EB6}.Devel|x64.ActiveCfg = Devel|x64
		{BC236261-77E8-4567-8D09-45CD02965EB6}.Devel|x64.Build.0 = Devel|x64
		{BC236261-77E8-4567-8D09-45CD02965EB6}.Release AVX2|x64.ActiveCfg = Release|x64
		{BC236261-77E8-4567-8D09-45CD02965EB6}.Release AVX2|x64.Build.0 = Release|x64
		{BC236261-77E8-4567-8D09-45CD02965EB6}.Release Clang AVX2|x64.ActiveCfg = Release Clang|x64
		{BC236261-77E8-4567-8D09-45CD02965EB6}.Release Clang AVX2|x64.Build.0 = Release Clang|x64
		{BC236261-77E8-4567-8D09-45CD02965EB6}.Release Clang|x64.ActiveCfg = Release Clang|x64
		{BC236261-77E8-4567-8D09-45CD02965EB6}.Release Clang|x64.Build.0 = Release Clang|x64
		{BC236261-77E8-4567-8D09-45CD02965EB6}.Release|x64.ActiveCfg = Release|x64
		{BC236261-77E8-4567-8D09-45CD02965EB6}.Release|x64.Build.0 = Release|x64
		{D6973076-9317-4EF2-A0B8-B7A18AC0713E}.Debug AVX2|x64.ActiveCfg = Debug|x64
		{D6973076-9317-4EF2-A0B8-B7A18AC0713E}.Debug AVX2|x64.Build.0 = Debug|x64
		{D6973076-9317-4EF2-A0B8-B7A18AC0713E}.Debug Clang AVX2|x64.ActiveCfg = Debug Clang|x64
		{D6973076-9317-4EF2-A0B8-B7A18AC0713E}.Debug Clang AVX2|x64.Build.0 = Debug Clang|x64
		{D6973076-9317-4EF2-A0B8-B7A18AC0713E}.Debug Clang|x64.ActiveCfg = Debug Clang|x64
		{D6973076-9317-4EF2-A0B8-B7A18AC0713E}.Debug Clang|x64.Build.0 = Debug Clang|x64
		{D6973076-9317-4EF2-A0B8-B7A18AC0713E}.Debug|x64.ActiveCfg = Debug|x64
		{D6973076-9317-4EF2-A0B8-B7A18AC0713E}.Debug|x64.Build.0 = Debug|x64
		{D6973076-9317-4EF2-A0B8-B7A18AC0713E}.Devel AVX2|x64.ActiveCfg = Devel|x64
		{D6973076-9317-4EF2-A0B8-B7A18AC0713E}.Devel AVX2|x64.Build.0 = Devel|x64
		{D6973076-9317-4EF2-A0B8-B7A18AC0713E}.Devel Clang AVX2|x64.ActiveCfg = Devel Clang|x64
		{D6973076-9317-4EF2-A0B8-B7A18AC0713E}.Devel Clang AVX2|x64.Build.0 = Devel Clang|x64
		{D6973076-9317-4EF2-A0B8-B7A18AC0713E}.Devel Clang|x64.ActiveCfg = Devel Clang|x64
		{D6973076-9317-4EF2-A0B8-B7A18AC0713E}.Devel Clang|x64.Build.0 = Devel Clang|x64
		{D6973076-9317-4EF2-A0B8-B7A18AC0713E}.Devel|x64.ActiveCfg = Devel|x64
		{D6973076-9317-4EF2-A0B8-B7A18AC0713E}.Devel|x64.Build.0 = Devel|x64
		{D6973076-9317-4EF2-A0B8-B7A18AC0713E}.Release AVX2|x64.ActiveCfg = Release|x64
		{D6973076-9317-4EF2-A0B8-B7A18AC0713E}.Release AVX2|x64.Build.0 = Release|x64
		{D6973076-9317-4EF2-A0B8-B7A18AC0713E}.Release Clang AVX2|x64.ActiveCfg = Release Clang|x64
		{D6973076-9317-4EF2-A0B8-B7A18AC0713E}.Release Clang AVX2|x64.Build.0 = Release Clang|x64
		{D6973076-9317-4EF2-A0B8-B7A18AC0713E}.Release Clang|x64.ActiveCfg = Release Clang|x64
		{D6973076-9317-4EF2-A0B8-B7A18AC0713E}.Release Clang|x64.Build.0 = Release Clang|x64
		{D6973076-9317-4EF2-A0B8-B7A18AC0713E}.Release|x64.ActiveCfg = Release|x64
		{D6973076-9317-4EF2-A0B8-B7A18AC0713E}.Release|x64.Build.0 = Release|x64
		{12728250-16EC-4DC6-94D7-E21DD88947F8}.Debug AVX2|x64.ActiveCfg = Debug|x64
		{12728250-16EC-4DC6-94D7-E21DD88947F8}.Debug AVX2|x64.Build.0 = Debug|x64
		{12728250-16EC-4DC6-94D7-E21DD88947F8}.Debug Clang AVX2|x64.ActiveCfg = Debug Clang|x64
		{12728250-16EC-4DC6-94D7-E21DD88947F8}.Debug Clang AVX2|x64.Build.0 = Debug Clang|x64
		{12728250-16EC-4DC6-94D7-E21DD88947F8}.Debug Clang|x64.ActiveCfg = Debug Clang|x64
		{12728250-16EC-4DC6-94D7-E21DD88947F8}.Debug Clang|x64.Build.0 = Debug Clang|x64
		{12728250-16EC-4DC6-94D7-E21DD88947F8}.Debug|x64.ActiveCfg = Debug|x64
		{12728250-16EC-4DC6-94D7-E21DD88947F8}.Debug|x64.Build.0 = Debug|x64
		{12728250-16EC-4DC6-94D7-E21DD88947F8}.Devel AVX2|x64.ActiveCfg = Devel|x64
		{12728250-16EC-4DC6-94D7-E21DD88947F8}.Devel AVX2|x64.Build.0 = Devel|x64
		{12728250-16EC-4DC6-94D7-E21DD88947F8}.Devel Clang AVX2|x64.ActiveCfg = Devel Clang|x64
		{12728250-16EC-4DC6-94D7-E21DD88947F8}.Devel Clang AVX2|x64.Build.0 = Devel Clang|x64
		{12728250-16EC-4DC6-94D7-E21DD88947F8}.Devel Clang|x64.ActiveCfg = Devel Clang|x64
		{12728250-16EC-4DC6-94D7-E21DD88947F8}.Devel Clang|x64.Build.0 = Devel Clang|x64
		{12728250-16EC-4DC6-94D7-E21DD88947F8}.Devel|x64.ActiveCfg = Devel|x64
		{12728250-16EC-4DC6-94D7-E21DD88947F8}.Devel|x64.Build.0 = Devel|x64
		{12728250-16EC-4DC6-94D7-E21DD88947F8}.Release AVX2|x64.ActiveCfg = Release|x64
		{12728250-16EC-4DC6-94D7-E21DD88947F8}.Release AVX2|x64.Build.0 = Release|x64
		{12728250-16EC-4DC6-94D7-E21DD88947F8}.Release Clang AVX2|x64.ActiveCfg = Release Clang|x64
		{12728250-16EC-4DC6-94D7-E21DD88947F8}.Release Clang AVX2|x64.Build.0 = Release Clang|x64
		{12728250-16EC-4DC6-94D7-E21DD88947F8}.Release Clang|x64.ActiveCfg = Release Clang|x64
		{12728250-16EC-4DC6-94D7-E21DD88947F8}.Release Clang|x64.Build.0 = Release Clang|x64
		{12728250-16EC-4DC6-94D7-E21DD88947F8}.Release|x64.ActiveCfg = Release|x64
		{12728250-16EC-4DC6-94D7-E21DD88947F8}.Release|x64.Build.0 = Release|x64
		{449AD25E-424A-4714-BABC-68706CDCC33B}.Debug AVX2|x64.ActiveCfg = Debug|x64
		{449AD25E-424A-4714-BABC-68706CDCC33B}.Debug AVX2|x64.Build.0 = Debug|x64
		{449AD25E-424A-4714-BABC-68706CDCC33B}.Debug Clang AVX2|x64.ActiveCfg = Debug Clang|x64
		{449AD25E-424A-4714-BABC-68706CDCC33B}.Debug Clang AVX2|x64.Build.0 = Debug Clang|x64
		{449AD25E-424A-4714-BABC-68706CDCC33B}.Debug Clang|x64.ActiveCfg = Debug Clang|x64
		{449AD25E-424A-4714-BABC-68706CDCC33B}.Debug Clang|x64.Build.0 = Debug Clang|x64
		{449AD25E-424A-4714-BABC-68706CDCC33B}.Debug|x64.ActiveCfg = Debug|x64
		{449AD25E-424A-4714-BABC-68706CDCC33B}.Debug|x64.Build.0 = Debug|x64
		{449AD25E-424A-4714-BABC-68706CDCC33B}.Devel AVX2|x64.ActiveCfg = Devel|x64
		{449AD25E-424A-4714-BABC-68706CDCC33B}.Devel AVX2|x64.Build.0 = Devel|x64
		{449AD25E-424A-4714-BABC-68706CDCC33B}.Devel Clang AVX2|x64.ActiveCfg = Devel Clang|x64
		{449AD25E-424A-4714-BABC-68706CDCC33B}.Devel Clang AVX2|x64.Build.0 = Devel Clang|x64
		{449AD25E-424A-4714-BABC-68706CDCC33B}.Devel Clang|x64.ActiveCfg = Devel Clang|x64
		{449AD25E-424A-4714-BABC-68706CDCC33B}.Devel Clang|x64.Build.0 = Devel Clang|x64
		{449AD25E-424A-4714-BABC-68706CDCC33B}.Devel|x64.ActiveCfg = Devel|x64
		{449AD25E-424A-4714-BABC-68706CDCC33B}.Devel|x64.Build.0 = Devel|x64
		{449AD25E-424A-4714-BABC-68706CDCC33B}.Release AVX2|x64.ActiveCfg = Release|x64
		{449AD25E-424A-4714-BABC-68706CDCC33B}.Release AVX2|x64.Build.0 = Release|x64
		{449AD25E-424A-4714-BABC-68706CDCC33B}.Release Clang AVX2|x64.ActiveCfg = Release Clang|x64
		{449AD25E-424A-4714-BABC-68706CDCC33B}.Release Clang AVX2|x64.Build.0 = Release Clang|x64
		{449AD25E-424A-4714-BABC-68706CDCC33B}.Release Clang|x64.ActiveCfg = Release Clang|x64
		{449AD25E-424A-4714-BABC-68706CDCC33B}.Release Clang|x64.Build.0 = Release Clang|x64
		{449AD25E-424A-4714-BABC-68706CDCC33B}.Release|x64.ActiveCfg = Release|x64
		{449AD25E-424A-4714-BABC-68706CDCC33B}.Release|x64.Build.0 = Release|x64
		{A0D2B3AD-1F72-4EE3-8B5C-F2C358DA35F0}.Debug AVX2|x64.ActiveCfg = Debug|x64
		{A0D2B3AD-1F72-4EE3-8B5C-F2C358DA35F0}.Debug AVX2|x64.Build.0 = Debug|x64
		{A0D2B3AD-1F72-4EE3-8B5C-F2C358DA35F0}.Debug Clang AVX2|x64.ActiveCfg = Debug Clang|x64
		{A0D2B3AD-1F72-4EE3-8B5C-F2C358DA35F0}.Debug Clang AVX2|x64.Build.0 = Debug Clang|x64
		{A0D2B3AD-1F72-4EE3-8B5C-F2C358DA35F0}.Debug Clang|x64.ActiveCfg = Debug Clang|x64
		{A0D2B3AD-1F72-4EE3-8B5C-F2C358DA35F0}.Debug Clang|x64.Build.0 = Debug Clang|x64
		{A0D2B3AD-1F72-4EE3-8B5C-F2C358DA35F0}.Debug|x64.ActiveCfg = Debug|x64
		{A0D2B3AD-1F72-4EE3-8B5C-F2C358DA35F0}.Debug|x64.Build.0 = Debug|x64
		{A0D2B3AD-1F72-4EE3-8B5C-F2C358DA35F0}.Devel AVX2|x64.ActiveCfg = Devel|x64
		{A0D2B3AD-1F72-4EE3-8B5C-F2C358DA35F0}.Devel AVX2|x64.Build.0 = Devel|x64
		{A0D2B3AD-1F72-4EE3-8B5C-F2C358DA35F0}.Devel Clang AVX2|x64.ActiveCfg = Devel Clang|x64
		{A0D2B3AD-1F72-4EE3-8B5C-F2C358DA35F0}.Devel Clang AVX2|x64.Build.0 = Devel Clang|x64
		{A0D2B3AD-1F72-4EE3-8B5C-F2C358DA35F0}.Devel Clang|x64.ActiveCfg = Devel Clang|x64
		{A0D2B3AD-1F72-4EE3-8B5C-F2C358DA35F0}.Devel Clang|x64.Build.0 = Devel Clang|x64
		{A0D2B3AD-1F72-4EE3-8B5C-F2C358DA35F0}.Devel|x64.ActiveCfg = Devel|x64
		{A0D2B3AD-1F72-4EE3-8B5C-F2C358DA35F0}.Devel|x64.Build.0 = Devel|x64
		{A0D2B3AD-1F72-4EE3-8B5C-F2C358DA35F0}.Release AVX2|x64.ActiveCfg = Release|x64
		{A0D2B3AD-1F72-4EE3-8B5C-F2C358DA35F0}.Release AVX2|x64.Build.0 = Release|x64
		{A0D2B3AD-1F72-4EE3-8B5C-F2C358DA35F0}.Release Clang AVX2|x64.ActiveCfg = Release Clang|x64
		{A0D2B3AD-1F72-4EE3-8B5C-F2C358DA35F0}.Release Clang AVX2|x64.Build.0 = Release Clang|x64
		{A0D2B3AD-1F72-4EE3-8B5C-F2C358DA35F0}.Release Clang|x64.ActiveCfg = Release Clang|x64
		{A0D2B3AD-1F72-4EE3-8B5C-F2C358DA35F0}.Release Clang|x64.Build.0 = Release Clang|x64
		{A0D2B3AD-1F72-4EE3-8B5C-F2C358DA35F0}.Release|x64.ActiveCfg = Release|x64
		{A0D2B3AD-1F72-4EE3-8B5C-F2C358DA35F0}.Release|x64.Build.0 = Release|x64
		{ED2F21FD-0A36-4A8F-9B90-E7D92A2ACB63}.Debug AVX2|x64.ActiveCfg = Debug|x64
		{ED2F21FD-0A36-4A8F-9B90-E7D92A2ACB63}.Debug AVX2|x64.Build.0 = Debug|x64
		{ED2F21FD-0A36-4A8F-9B90-E7D92A2ACB63}.Debug Clang AVX2|x64.ActiveCfg = Debug Clang|x64
		{ED2F21FD-0A36-4A8F-9B90-E7D92A2ACB63}.Debug Clang AVX2|x64.Build.0 = Debug Clang|x64
		{ED2F21FD-0A36-4A8F-9B90-E7D92A2ACB63}.Debug Clang|x64.ActiveCfg = Debug Clang|x64
		{ED2F21FD-0A36-4A8F-9B90-E7D92A2ACB63}.Debug Clang|x64.Build.0 = Debug Clang|x64
		{ED2F21FD-0A36-4A8F-9B90-E7D92A2ACB63}.Debug|x64.ActiveCfg = Debug|x64
		{ED2F21FD-0A36-4A8F-9B90-E7D92A2ACB63}.Debug|x64.Build.0 = Debug|x64
		{ED2F21FD-0A36-4A8F-9B90-E7D92A2ACB63}.Devel AVX2|x64.ActiveCfg = Devel|x64
		{ED2F21FD-0A36-4A8F-9B90-E7D92A2ACB63}.Devel AVX2|x64.Build.0 = Devel|x64
		{ED2F21FD-0A36-4A8F-9B90-E7D92A2ACB63}.Devel Clang AVX2|x64.ActiveCfg = Devel Clang|x64
		{ED2F21FD-0A36-4A8F-9B90-E7D92A2ACB63}.Devel Clang AVX2|x64.Build.0 = Devel Clang|x64
		{ED2F21FD-0A36-4A8F-9B90-E7D92A2ACB63}.Devel Clang|x64.ActiveCfg = Devel Clang|x64
		{ED2F21FD-0A36-4A8F-9B90-E7D92A2ACB63}.Devel Clang|x64.Build.0 = Devel Clang|x64
		{ED2F21FD-0A36-4A8F-9B90-E7D92A2ACB63}.Devel|x64.ActiveCfg = Devel|x64
		{ED2F21FD-0A36-4A8F-9B90-E7D92A2ACB63}.Devel|x64.Build.0 = Devel|x64
		{ED2F21FD-0A36-4A8F-9B90-E7D92A2ACB63}.Release AVX2|x64.ActiveCfg = Release|x64
		{ED2F21FD-0A36-4A8F-9B90-E7D92A2ACB63}.Release AVX2|x64.Build.0 = Release|x64
		{ED2F21FD-0A36-4A8F-9B90-E7D92A2ACB63}.Release Clang AVX2|x64.ActiveCfg = Release Clang|x64
		{ED2F21FD-0A36-4A8F-9B90-E7D92A2ACB63}.Release Clang AVX2|x64.Build.0 = Release Clang|x64
		{ED2F21FD-0A36-4A8F-9B90-E7D92A2ACB63}.Release Clang|x64.ActiveCfg = Release Clang|x64
		{ED2F21FD-0A36-4A8F-9B90-E7D92A2ACB63}.Release Clang|x64.Build.0 = Release Clang|x64
		{ED2F21FD-0A36-4A8F-9B90-E7D92A2ACB63}.Release|x64.ActiveCfg = Release|x64
		{ED2F21FD-0A36-4A8F-9B90-E7D92A2ACB63}.Release|x64.Build.0 = Release|x64
		{4639972E-424E-4E13-8B07-CA403C481346}.Debug AVX2|x64.ActiveCfg = Debug AVX2|x64
		{4639972E-424E-4E13-8B07-CA403C481346}.Debug AVX2|x64.Build.0 = Debug AVX2|x64
		{4639972E-424E-4E13-8B07-CA403C481346}.Debug Clang AVX2|x64.ActiveCfg = Debug Clang AVX2|x64
		{4639972E-424E-4E13-8B07-CA403C481346}.Debug Clang AVX2|x64.Build.0 = Debug Clang AVX2|x64
		{4639972E-424E-4E13-8B07-CA403C481346}.Debug Clang|x64.ActiveCfg = Debug Clang|x64
		{4639972E-424E-4E13-8B07-CA403C481346}.Debug Clang|x64.Build.0 = Debug Clang|x64
		{4639972E-424E-4E13-8B07-CA403C481346}.Debug|x64.ActiveCfg = Debug|x64
		{4639972E-424E-4E13-8B07-CA403C481346}.Debug|x64.Build.0 = Debug|x64
		{4639972E-424E-4E13-8B07-CA403C481346}.Devel AVX2|x64.ActiveCfg = Devel AVX2|x64
		{4639972E-424E-4E13-8B07-CA403C481346}.Devel AVX2|x64.Build.0 = Devel AVX2|x64
		{4639972E-424E-4E13-8B07-CA403C481346}.Devel Clang AVX2|x64.ActiveCfg = Devel Clang AVX2|x64
		{4639972E-424E-4E13-8B07-CA403C481346}.Devel Clang AVX2|x64.Build.0 = Devel Clang AVX2|x64
		{4639972E-424E-4E13-8B07-CA403C481346}.Devel Clang|x64.ActiveCfg = Devel Clang|x64
		{4639972E-424E-4E13-8B07-CA403C481346}.Devel Clang|x64.Build.0 = Devel Clang|x64
		{4639972E-424E-4E13-8B07-CA403C481346}.Devel|x64.ActiveCfg = Devel|x64
		{4639972E-424E-4E13-8B07-CA403C481346}.Devel|x64.Build.0 = Devel|x64
		{4639972E-424E-4E13-8B07-CA403C481346}.Release AVX2|x64.ActiveCfg = Release AVX2|x64
		{4639972E-424E-4E13-8B07-CA403C481346}.Release AVX2|x64.Build.0 = Release AVX2|x64
		{4639972E-424E-4E13-8B07-CA403C481346}.Release Clang AVX2|x64.ActiveCfg = Release Clang AVX2|x64
		{4639972E-424E-4E13-8B07-CA403C481346}.Release Clang AVX2|x64.Build.0 = Release Clang AVX2|x64
		{4639972E-424E-4E13-8B07-CA403C481346}.Release Clang|x64.ActiveCfg = Release Clang|x64
		{4639972E-424E-4E13-8B07-CA403C481346}.Release Clang|x64.Build.0 = Release Clang|x64
		{4639972E-424E-4E13-8B07-CA403C481346}.Release|x64.ActiveCfg = Release|x64
		{4639972E-424E-4E13-8B07-CA403C481346}.Release|x64.Build.0 = Release|x64
		{6C7986C4-3E4D-4DCC-B3C6-6BB12B238995}.Debug AVX2|x64.ActiveCfg = Debug AVX2|x64
		{6C7986C4-3E4D-4DCC-B3C6-6BB12B238995}.Debug AVX2|x64.Build.0 = Debug AVX2|x64
		{6C7986C4-3E4D-4DCC-B3C6-6BB12B238995}.Debug Clang AVX2|x64.ActiveCfg = Debug Clang AVX2|x64
		{6C7986C4-3E4D-4DCC-B3C6-6BB12B238995}.Debug Clang AVX2|x64.Build.0 = Debug Clang AVX2|x64
		{6C7986C4-3E4D-4DCC-B3C6-6BB12B238995}.Debug Clang|x64.ActiveCfg = Debug Clang|x64
		{6C7986C4-3E4D-4DCC-B3C6-6BB12B238995}.Debug Clang|x64.Build.0 = Debug Clang|x64
		{6C7986C4-3E4D-4DCC-B3C6-6BB12B238995}.Debug|x64.ActiveCfg = Debug|x64
		{6C7986C4-3E4D-4DCC-B3C6-6BB12B238995}.Debug|x64.Build.0 = Debug|x64
		{6C7986C4-3E4D-4DCC-B3C6-6BB12B238995}.Devel AVX2|x64.ActiveCfg = Devel AVX2|x64
		{6C7986C4-3E4D-4DCC-B3C6-6BB12B238995}.Devel AVX2|x64.Build.0 = Devel AVX2|x64
		{6C7986C4-3E4D-4DCC-B3C6-6BB12B238995}.Devel Clang AVX2|x64.ActiveCfg = Devel Clang AVX2|x64
		{6C7986C4-3E4D-4DCC-B3C6-6BB12B238995}.Devel Clang AVX2|x64.Build.0 = Devel Clang AVX2|x64
		{6C7986C4-3E4D-4DCC-B3C6-6BB12B238995}.Devel Clang|x64.ActiveCfg = Devel Clang|x64
		{6C7986C4-3E4D-4DCC-B3C6-6BB12B238995}.Devel Clang|x64.Build.0 = Devel Clang|x64
		{6C7986C4-3E4D-4DCC-B3C6-6BB12B238995}.Devel|x64.ActiveCfg = Devel|x64
		{6C7986C4-3E4D-4DCC-B3C6-6BB12B238995}.Devel|x64.Build.0 = Devel|x64
		{6C7986C4-3E4D-4DCC-B3C6-6BB12B238995}.Release AVX2|x64.ActiveCfg = Release AVX2|x64
		{6C7986C4-3E4D-4DCC-B3C6-6BB12B238995}.Release AVX2|x64.Build.0 = Release AVX2|x64
		{6C7986C4-3E4D-4DCC-B3C6-6BB12B238995}.Release Clang AVX2|x64.ActiveCfg = Release Clang AVX2|x64
		{6C7986C4-3E4D-4DCC-B3C6-6BB12B238995}.Release Clang AVX2|x64.Build.0 = Release Clang AVX2|x64
		{6C7986C4-3E4D-4DCC-B3C6-6BB12B238995}.Release Clang|x64.ActiveCfg = Release Clang|x64
		{6C7986C4-3E4D-4DCC-B3C6-6BB12B238995}.Release Clang|x64.Build.0 = Release Clang|x64
		{6C7986C4-3E4D-4DCC-B3C6-6BB12B238995}.Release|x64.ActiveCfg = Release|x64
		{6C7986C4-3E4D-4DCC-B3C6-6BB12B238995}.Release|x64.Build.0 = Release|x64
		{C0293B32-5ACF-40F0-AA6C-E6DA6F3BF33A}.Debug AVX2|x64.ActiveCfg = Debug|x64
		{C0293B32-5ACF-40F0-AA6C-E6DA6F3BF33A}.Debug AVX2|x64.Build.0 = Debug|x64
		{C0293B32-5ACF-40F0-AA6C-E6DA6F3BF33A}.Debug Clang AVX2|x64.ActiveCfg = Debug Clang|x64
		{C0293B32-5ACF-40F0-AA6C-E6DA6F3BF33A}.Debug Clang AVX2|x64.Build.0 = Debug Clang|x64
		{C0293B32-5ACF-40F0-AA6C-E6DA6F3BF33A}.Debug Clang|x64.ActiveCfg = Debug Clang|x64
		{C0293B32-5ACF-40F0-AA6C-E6DA6F3BF33A}.Debug Clang|x64.Build.0 = Debug Clang|x64
		{C0293B32-5ACF-40F0-AA6C-E6DA6F3BF33A}.Debug|x64.ActiveCfg = Debug|x64
		{C0293B32-5ACF-40F0-AA6C-E6DA6F3BF33A}.Debug|x64.Build.0 = Debug|x64
		{C0293B32-5ACF-40F0-AA6C-E6DA6F3BF33A}.Devel AVX2|x64.ActiveCfg = Devel|x64
		{C0293B32-5ACF-40F0-AA6C-E6DA6F3BF33A}.Devel AVX2|x64.Build.0 = Devel|x64
		{C0293B32-5ACF-40F0-AA6C-E6DA6F3BF33A}.Devel Clang AVX2|x64.ActiveCfg = Devel Clang|x64
		{C0293B32-5ACF-40F0-AA6C-E6DA6F3BF33A}.Devel Clang AVX2|x64.Build.0 = Devel Clang|x64
		{C0293B32-5ACF-40F0-AA6C-E6DA6F3BF33A}.Devel Clang|x64.ActiveCfg = Devel Clang|x64
		{C0293B32-5ACF-40F0-AA6C-E6DA6F3BF33A}.Devel Clang|x64.Build.0 = Devel Clang|x64
		{C0293B32-5ACF-40F0-AA6C-E6DA6F3BF33A}.Devel|x64.ActiveCfg = Devel|x64
		{C0293B32-5ACF-40F0-AA6C-E6DA6F3BF33A}.Devel|x64.Build.0 = Devel|x64
		{C0293B32-5ACF-40F0-AA6C-E6DA6F3BF33A}.Release AVX2|x64.ActiveCfg = Release|x64
		{C0293B32-5ACF-40F0-AA6C-E6DA6F3BF33A}.Release AVX2|x64.Build.0 = Release|x64
		{C0293B32-5ACF-40F0-AA6C-E6DA6F3BF33A}.Release Clang AVX2|x64.ActiveCfg = Release Clang|x64
		{C0293B32-5ACF-40F0-AA6C-E6DA6F3BF33A}.Release Clang AVX2|x64.Build.0 = Release Clang|x64
		{C0293B32-5ACF-40F0-AA6C-E6DA6F3BF33A}.Release Clang|x64.ActiveCfg = Release Clang|x64
		{C0293B32-5ACF-40F0-AA6C-E6DA6F3BF33A}.Release Clang|x64.Build.0 = Release Clang|x64
		{C0293B32-5ACF-40F0-AA6C-E6DA6F3BF33A}.Release|x64.ActiveCfg = Release|x64
		{C0293B32-5ACF-40F0-AA6C-E6DA6F3BF33A}.Release|x64.Build.0 = Release|x64
		{88FB34EC-845E-4F21-A552-F1573B9ED167}.Debug AVX2|x64.ActiveCfg = Debug|x64
		{88FB34EC-845E-4F21-A552-F1573B9ED167}.Debug AVX2|x64.Build.0 = Debug|x64
		{88FB34EC-845E-4F21-A552-F1573B9ED167}.Debug Clang AVX2|x64.ActiveCfg = Debug Clang|x64
		{88FB34EC-845E-4F21-A552-F1573B9ED167}.Debug Clang AVX2|x64.Build.0 = Debug Clang|x64
		{88FB34EC-845E-4F21-A552-F1573B9ED167}.Debug Clang|x64.ActiveCfg = Debug Clang|x64
		{88FB34EC-845E-4F21-A552-F1573B9ED167}.Debug Clang|x64.Build.0 = Debug Clang|x64
		{88FB34EC-845E-4F21-A552-F1573B9ED167}.Debug|x64.ActiveCfg = Debug|x64
		{88FB34EC-845E-4F21-A552-F1573B9ED167}.Debug|x64.Build.0 = Debug|x64
		{88FB34EC-845E-4F21-A552-F1573B9ED167}.Devel AVX2|x64.ActiveCfg = Devel|x64
		{88FB34EC-845E-4F21-A552-F1573B9ED167}.Devel AVX2|x64.Build.0 = Devel|x64
		{88FB34EC-845E-4F21-A552-F1573B9ED167}.Devel Clang AVX2|x64.ActiveCfg = Devel Clang|x64
		{88FB34EC-845E-4F21-A552-F1573B9ED167}.Devel Clang AVX2|x64.Build.0 = Devel Clang|x64
		{88FB34EC-845E-4F21-A552-F1573B9ED167}.Devel Clang|x64.ActiveCfg = Devel Clang|x64
		{88FB34EC-845E-4F21-A552-F1573B9ED167}.Devel Clang|x64.Build.0 = Devel Clang|x64
		{88FB34EC-845E-4F21-A552-F1573B9ED167}.Devel|x64.ActiveCfg = Devel|x64
		{88FB34EC-845E-4F21-A552-F1573B9ED167}.Devel|x64.Build.0 = Devel|x64
		{88FB34EC-845E-4F21-A552-F1573B9ED167}.Release AVX2|x64.ActiveCfg = Release|x64
		{88FB34EC-845E-4F21-A552-F1573B9ED167}.Release AVX2|x64.Build.0 = Release|x64
		{88FB34EC-845E-4F21-A552-F1573B9ED167}.Release Clang AVX2|x64.ActiveCfg = Release Clang|x64
		{88FB34EC-845E-4F21-A552-F1573B9ED167}.Release Clang AVX2|x64.Build.0 = Release Clang|x64
		{88FB34EC-845E-4F21-A552-F1573B9ED167}.Release Clang|x64.ActiveCfg = Release Clang|x64
		{88FB34EC-845E-4F21-A552-F1573B9ED167}.Release Clang|x64.Build.0 = Release Clang|x64
		{88FB34EC-845E-4F21-A552-F1573B9ED167}.Release|x64.ActiveCfg = Release|x64
		{88FB34EC-845E-4F21-A552-F1573B9ED167}.Release|x64.Build.0 = Release|x64
		{1EC8B3C0-8FB3-46DE-A2E0-A9121203F266}.Debug AVX2|x64.ActiveCfg = Debug|x64
		{1EC8B3C0-8FB3-46DE-A2E0-A9121203F266}.Debug AVX2|x64.Build.0 = Debug|x64
		{1EC8B3C0-8FB3-46DE-A2E0-A9121203F266}.Debug Clang AVX2|x64.ActiveCfg = Debug Clang|x64
		{1EC8B3C0-8FB3-46DE-A2E0-A9121203F266}.Debug Clang AVX2|x64.Build.0 = Debug Clang|x64
		{1EC8B3C0-8FB3-46DE-A2E0-A9121203F266}.Debug Clang|x64.ActiveCfg = Debug Clang|x64
		{1EC8B3C0-8FB3-46DE-A2E0-A9121203F266}.Debug Clang|x64.Build.0 = Debug Clang|x64
		{1EC8B3C0-8FB3-46DE-A2E0-A9121203F266}.Debug|x64.ActiveCfg = Debug|x64
		{1EC8B3C0-8FB3-46DE-A2E0-A9121203F266}.Debug|x64.Build.0 = Debug|x64
		{1EC8B3C0-8FB3-46DE-A2E0-A9121203F266}.Devel AVX2|x64.ActiveCfg = Devel|x64
		{1EC8B3C0-8FB3-46DE-A2E0-A9121203F266}.Devel AVX2|x64.Build.0 = Devel|x64
		{1EC8B3C0-8FB3-46DE-A2E0-A9121203F266}.Devel Clang AVX2|x64.ActiveCfg = Devel Clang|x64
		{1EC8B3C0-8FB3-46DE-A2E0-A9121203F266}.Devel Clang AVX2|x64.Build.0 = Devel Clang|x64
		{1EC8B3C0-8FB3-46DE-A2E0-A9121203F266}.Devel Clang|x64.ActiveCfg = Devel Clang|x64
		{1EC8B3C0-8FB3-46DE-A2E0-A9121203F266}.Devel Clang|x64.Build.0 = Devel Clang|x64
		{1EC8B3C0-8FB3-46DE-A2E0-A9121203F266}.Devel|x64.ActiveCfg = Devel|x64
		{1EC8B3C0-8FB3-46DE-A2E0-A9121203F266}.Devel|x64.Build.0 = Devel|x64
		{1EC8B3C0-8FB3-46DE-A2E0-A9121203F266}.Release AVX2|x64.ActiveCfg = Release|x64
		{1EC8B3C0-8FB3-46DE-A2E0-A9121203F266}.Release AVX2|x64.Build.0 = Release|x64
		{1EC8B3C0-8FB3-46DE-A2E0-A9121203F266}.Release Clang AVX2|x64.ActiveCfg = Release Clang|x64
		{1EC8B3C0-8FB3-46DE-A2E0-A9121203F266}.Release Clang AVX2|x64.Build.0 = Release Clang|x64
		{1EC8B3C0-8FB3-46DE-A2E0-A9121203F266}.Release Clang|x64.ActiveCfg = Release Clang|x64
		{1EC8B3C0-8FB3-46DE-A2E0-A9121203F266}.Release Clang|x64.Build.0 = Release Clang|x64
		{1EC8B3C0-8FB3-46DE-A2E0-A9121203F266}.Release|x64.ActiveCfg = Release|x64
		{1EC8B3C0-8FB3-46DE-A2E0-A9121203F266}.Release|x64.Build.0 = Release|x64
		{BF74C473-DC04-44B3-92E8-4145F4E77342}.Debug AVX2|x64.ActiveCfg = Debug|x64
		{BF74C473-DC04-44B3-92E8-4145F4E77342}.Debug AVX2|x64.Build.0 = Debug|x64
		{BF74C473-DC04-44B3-92E8-4145F4E77342}.Debug Clang AVX2|x64.ActiveCfg = Debug Clang|x64
		{BF74C473-DC04-44B3-92E8-4145F4E77342}.Debug Clang AVX2|x64.Build.0 = Debug Clang|x64
		{BF74C473-DC04-44B3-92E8-4145F4E77342}.Debug Clang|x64.ActiveCfg = Debug Clang|x64
		{BF74C473-DC04-44B3-92E8-4145F4E77342}.Debug Clang|x64.Build.0 = Debug Clang|x64
		{BF74C473-DC04-44B3-92E8-4145F4E77342}.Debug|x64.ActiveCfg = Debug|x64
		{BF74C473-DC04-44B3-92E8-4145F4E77342}.Debug|x64.Build.0 = Debug|x64
		{BF74C473-DC04-44B3-92E8-4145F4E77342}.Devel AVX2|x64.ActiveCfg = Devel|x64
		{BF74C473-DC04-44B3-92E8-4145F4E77342}.Devel AVX2|x64.Build.0 = Devel|x64
		{BF74C473-DC04-44B3-92E8-4145F4E77342}.Devel Clang AVX2|x64.ActiveCfg = Devel Clang|x64
		{BF74C473-DC04-44B3-92E8-4145F4E77342}.Devel Clang AVX2|x64.Build.0 = Devel Clang|x64
		{BF74C473-DC04-44B3-92E8-4145F4E77342}.Devel Clang|x64.ActiveCfg = Devel Clang|x64
		{BF74C473-DC04-44B3-92E8-4145F4E77342}.Devel Clang|x64.Build.0 = Devel Clang|x64
		{BF74C473-DC04-44B3-92E8-4145F4E77342}.Devel|x64.ActiveCfg = Devel|x64
		{BF74C473-DC04-44B3-92E8-4145F4E77342}.Devel|x64.Build.0 = Devel|x64
		{BF74C473-DC04-44B3-92E8-4145F4E77342}.Release AVX2|x64.ActiveCfg = Release|x64
		{BF74C473-DC04-44B3-92E8-4145F4E77342}.Release AVX2|x64.Build.0 = Release|x64
		{BF74C473-DC04-44B3-92E8-4145F4E77342}.Release Clang AVX2|x64.ActiveCfg = Release Clang|x64
		{BF74C473-DC04-44B3-92E8-4145F4E77342}.Release Clang AVX2|x64.Build.0 = Release Clang|x64
		{BF74C473-DC04-44B3-92E8-4145F4E77342}.Release Clang|x64.ActiveCfg = Release Clang|x64
		{BF74C473-DC04-44B3-92E8-4145F4E77342}.Release Clang|x64.Build.0 = Release Clang|x64
		{BF74C473-DC04-44B3-92E8-4145F4E77342}.Release|x64.ActiveCfg = Release|x64
		{BF74C473-DC04-44B3-92E8-4145F4E77342}.Release|x64.Build.0 = Release|x64
		{DE9653B6-17DD-356A-9EE0-28A731772587}.Debug AVX2|x64.ActiveCfg = Debug|x64
		{DE9653B6-17DD-356A-9EE0-28A731772587}.Debug AVX2|x64.Build.0 = Debug|x64
		{DE9653B6-17DD-356A-9EE0-28A731772587}.Debug Clang AVX2|x64.ActiveCfg = Debug Clang|x64
		{DE9653B6-17DD-356A-9EE0-28A731772587}.Debug Clang AVX2|x64.Build.0 = Debug Clang|x64
		{DE9653B6-17DD-356A-9EE0-28A731772587}.Debug Clang|x64.ActiveCfg = Debug Clang|x64
		{DE9653B6-17DD-356A-9EE0-28A731772587}.Debug Clang|x64.Build.0 = Debug Clang|x64
		{DE9653B6-17DD-356A-9EE0-28A731772587}.Debug|x64.ActiveCfg = Debug|x64
		{DE9653B6-17DD-356A-9EE0-28A731772587}.Debug|x64.Build.0 = Debug|x64
		{DE9653B6-17DD-356A-9EE0-28A731772587}.Devel AVX2|x64.ActiveCfg = Devel|x64
		{DE9653B6-17DD-356A-9EE0-28A731772587}.Devel AVX2|x64.Build.0 = Devel|x64
		{DE9653B6-17DD-356A-9EE0-28A731772587}.Devel Clang AVX2|x64.ActiveCfg = Devel Clang|x64
		{DE9653B6-17DD-356A-9EE0-28A731772587}.Devel Clang AVX2|x64.Build.0 = Devel Clang|x64
		{DE9653B6-17DD-356A-9EE0-28A731772587}.Devel Clang|x64.ActiveCfg = Devel Clang|x64
		{DE9653B6-17DD-356A-9EE0-28A731772587}.Devel Clang|x64.Build.0 = Devel Clang|x64
		{DE9653B6-17DD-356A-9EE0-28A731772587}.Devel|x64.ActiveCfg = Devel|x64
		{DE9653B6-17DD-356A-9EE0-28A731772587}.Devel|x64.Build.0 = Devel|x64
		{DE9653B6-17DD-356A-9EE0-28A731772587}.Release AVX2|x64.ActiveCfg = Release|x64
		{DE9653B6-17DD-356A-9EE0-28A731772587}.Release AVX2|x64.Build.0 = Release|x64
		{DE9653B6-17DD-356A-9EE0-28A731772587}.Release Clang AVX2|x64.ActiveCfg = Release Clang|x64
		{DE9653B6-17DD-356A-9EE0-28A731772587}.Release Clang AVX2|x64.Build.0 = Release Clang|x64
		{DE9653B6-17DD-356A-9EE0-28A731772587}.Release Clang|x64.ActiveCfg = Release Clang|x64
		{DE9653B6-17DD-356A-9EE0-28A731772587}.Release Clang|x64.Build.0 = Release Clang|x64
		{DE9653B6-17DD-356A-9EE0-28A731772587}.Release|x64.ActiveCfg = Release|x64
		{DE9653B6-17DD-356A-9EE0-28A731772587}.Release|x64.Build.0 = Release|x64
		{EF6834A9-11F3-4331-BC34-21B325ABB180}.Debug AVX2|x64.ActiveCfg = Debug|x64
		{EF6834A9-11F3-4331-BC34-21B325ABB180}.Debug AVX2|x64.Build.0 = Debug|x64
		{EF6834A9-11F3-4331-BC34-21B325ABB180}.Debug Clang AVX2|x64.ActiveCfg = Debug Clang|x64
		{EF6834A9-11F3-4331-BC34-21B325ABB180}.Debug Clang AVX2|x64.Build.0 = Debug Clang|x64
		{EF6834A9-11F3-4331-BC34-21B325ABB180}.Debug Clang|x64.ActiveCfg = Debug Clang|x64
		{EF6834A9-11F3-4331-BC34-21B325ABB180}.Debug Clang|x64.Build.0 = Debug Clang|x64
		{EF6834A9-11F3-4331-BC34-21B325ABB180}.Debug|x64.ActiveCfg = Debug|x64
		{EF6834A9-11F3-4331-BC34-21B325ABB180}.Debug|x64.Build.0 = Debug|x64
		{EF6834A9-11F3-4331-BC34-21B325ABB180}.Devel AVX2|x64.ActiveCfg = Devel|x64
		{EF6834A9-11F3-4331-BC34-21B325ABB180}.Devel AVX2|x64.Build.0 = Devel|x64
		{EF6834A9-11F3-4331-BC34-21B325ABB180}.Devel Clang AVX2|x64.ActiveCfg = Devel Clang|x64
		{EF6834A9-11F3-4331-BC34-21B325ABB180}.Devel Clang AVX2|x64.Build.0 = Devel Clang|x64
		{EF6834A9-11F3-4331-BC34-21B325ABB180}.Devel Clang|x64.ActiveCfg = Devel Clang|x64
		{EF6834A9-11F3-4331-BC34-21B325ABB180}.Devel Clang|x64.Build.0 = Devel Clang|x64
		{EF6834A9-11F3-4331-BC34-21B325ABB180}.Devel|x64.ActiveCfg = Devel|x64
		{EF6834A9-11F3-4331-BC34-21B325ABB180}.Devel|x64.Build.0 = Devel|x64
		{EF6834A9-11F3-4331-BC34-21B325ABB180}.Release AVX2|x64.ActiveCfg = Release|x64
		{EF6834A9-11F3-4331-BC34-21B325ABB180}.Release AVX2|x64.Build.0 = Release|x64
		{EF6834A9-11F3-4331-BC34-21B325ABB180}.Release Clang AVX2|x64.ActiveCfg = Release Clang|x64
		{EF6834A9-11F3-4331-BC34-21B325ABB180}.Release Clang AVX2|x64.Build.0 = Release Clang|x64
		{EF6834A9-11F3-4331-BC34-21B325ABB180}.Release Clang|x64.ActiveCfg = Release Clang|x64
		{EF6834A9-11F3-4331-BC34-21B325ABB180}.Release Clang|x64.Build.0 = Release Clang|x64
		{EF6834A9-11F3-4331-BC34-21B325ABB180}.Release|x64.ActiveCfg = Release|x64
		{EF6834A9-11F3-4331-BC34-21B325ABB180}.Release|x64.Build.0 = Release|x64
		{20B2E9FE-F020-42A0-B324-956F5B06EA68}.Debug AVX2|x64.ActiveCfg = Debug|x64
		{20B2E9FE-F020-42A0-B324-956F5B06EA68}.Debug AVX2|x64.Build.0 = Debug|x64
		{20B2E9FE-F020-42A0-B324-956F5B06EA68}.Debug Clang AVX2|x64.ActiveCfg = Debug Clang|x64
		{20B2E9FE-F020-42A0-B324-956F5B06EA68}.Debug Clang AVX2|x64.Build.0 = Debug Clang|x64
		{20B2E9FE-F020-42A0-B324-956F5B06EA68}.Debug Clang|x64.ActiveCfg = Debug Clang|x64
		{20B2E9FE-F020-42A0-B324-956F5B06EA68}.Debug Clang|x64.Build.0 = Debug Clang|x64
		{20B2E9FE-F020-42A0-B324-956F5B06EA68}.Debug|x64.ActiveCfg = Debug|x64
		{20B2E9FE-F020-42A0-B324-956F5B06EA68}.Debug|x64.Build.0 = Debug|x64
		{20B2E9FE-F020-42A0-B324-956F5B06EA68}.Devel AVX2|x64.ActiveCfg = Devel|x64
		{20B2E9FE-F020-42A0-B324-956F5B06EA68}.Devel AVX2|x64.Build.0 = Devel|x64
		{20B2E9FE-F020-42A0-B324-956F5B06EA68}.Devel Clang AVX2|x64.ActiveCfg = Devel Clang|x64
		{20B2E9FE-F020-42A0-B324-956F5B06EA68}.Devel Clang AVX2|x64.Build.0 = Devel Clang|x64
		{20B2E9FE-F020-42A0-B324-956F5B06EA68}.Devel Clang|x64.ActiveCfg = Devel Clang|x64
		{20B2E9FE-F020-42A0-B324-956F5B06EA68}.Devel Clang|x64.Build.0 = Devel Clang|x64
		{20B2E9FE-F020-42A0-B324-956F5B06EA68}.Devel|x64.ActiveCfg = Devel|x64
		{20B2E9FE-F020-42A0-B324-956F5B06EA68}.Devel|x64.Build.0 = Devel|x64
		{20B2E9FE-F020-42A0-B324-956F5B06EA68}.Release AVX2|x64.ActiveCfg = Release|x64
		{20B2E9FE-F020-42A0-B324-956F5B06EA68}.Release AVX2|x64.Build.0 = Release|x64
		{20B2E9FE-F020-42A0-B324-956F5B06EA68}.Release Clang AVX2|x64.ActiveCfg = Release Clang|x64
		{20B2E9FE-F020-42A0-B324-956F5B06EA68}.Release Clang AVX2|x64.Build.0 = Release Clang|x64
		{20B2E9FE-F020-42A0-B324-956F5B06EA68}.Release Clang|x64.ActiveCfg = Release Clang|x64
		{20B2E9FE-F020-42A0-B324-956F5B06EA68}.Release Clang|x64.Build.0 = Release Clang|x64
		{20B2E9FE-F020-42A0-B324-956F5B06EA68}.Release|x64.ActiveCfg = Release|x64
		{20B2E9FE-F020-42A0-B324-956F5B06EA68}.Release|x64.Build.0 = Release|x64
		{52244028-937A-44E9-A76B-2BEA18FD239A}.Debug AVX2|x64.ActiveCfg = Debug|x64
		{52244028-937A-44E9-A76B-2BEA18FD239A}.Debug AVX2|x64.Build.0 = Debug|x64
		{52244028-937A-44E9-A76B-2BEA18FD239A}.Debug Clang AVX2|x64.ActiveCfg = Debug Clang|x64
		{52244028-937A-44E9-A76B-2BEA18FD239A}.Debug Clang AVX2|x64.Build.0 = Debug Clang|x64
		{52244028-937A-44E9-A76B-2BEA18FD239A}.Debug Clang|x64.ActiveCfg = Debug Clang|x64
		{52244028-937A-44E9-A76B-2BEA18FD239A}.Debug Clang|x64.Build.0 = Debug Clang|x64
		{52244028-937A-44E9-A76B-2BEA18FD239A}.Debug|x64.ActiveCfg = Debug|x64
		{52244028-937A-44E9-A76B-2BEA18FD239A}.Debug|x64.Build.0 = Debug|x64
		{52244028-937A-44E9-A76B-2BEA18FD239A}.Devel AVX2|x64.ActiveCfg = Devel|x64
		{52244028-937A-44E9-A76B-2BEA18FD239A}.Devel AVX2|x64.Build.0 = Devel|x64
		{52244028-937A-44E9-A76B-2BEA18FD239A}.Devel Clang AVX2|x64.ActiveCfg = Devel Clang|x64
		{52244028-937A-44E9-A76B-2BEA18FD239A}.Devel Clang AVX2|x64.Build.0 = Devel Clang|x64
		{52244028-937A-44E9-A76B-2BEA18FD239A}.Devel Clang|x64.ActiveCfg = Devel Clang|x64
		{52244028-937A-44E9-A76B-2BEA18FD239A}.Devel Clang|x64.Build.0 = Devel Clang|x64
		{52244028-937A-44E9-A76B-2BEA18FD239A}.Devel|x64.ActiveCfg = Devel|x64
		{52244028-937A-44E9-A76B-2BEA18FD239A}.Devel|x64.Build.0 = Devel|x64
		{52244028-937A-44E9-A76B-2BEA18FD239A}.Release AVX2|x64.ActiveCfg = Release|x64
		{52244028-937A-44E9-A76B-2BEA18FD239A}.Release AVX2|x64.Build.0 = Release|x64
		{52244028-937A-44E9-A76B-2BEA18FD239A}.Release Clang AVX2|x64.ActiveCfg = Release Clang|x64
		{52244028-937A-44E9-A76B-2BEA18FD239A}.Release Clang AVX2|x64.Build.0 = Release Clang|x64
		{52244028-937A-44E9-A76B-2BEA18FD239A}.Release Clang|x64.ActiveCfg = Release Clang|x64
		{52244028-937A-44E9-A76B-2BEA18FD239A}.Release Clang|x64.Build.0 = Release Clang|x64
		{52244028-937A-44E9-A76B-2BEA18FD239A}.Release|x64.ActiveCfg = Release|x64
		{52244028-937A-44E9-A76B-2BEA18FD239A}.Release|x64.Build.0 = Release|x64
		{D45CEC7A-3171-40DD-975D-E1544CF16139}.Debug AVX2|x64.ActiveCfg = Debug|x64
		{D45CEC7A-3171-40DD-975D-E1544CF16139}.Debug AVX2|x64.Build.0 = Debug|x64
		{D45CEC7A-3171-40DD-975D-E1544CF16139}.Debug Clang AVX2|x64.ActiveCfg = Debug Clang|x64
		{D45CEC7A-3171-40DD-975D-E1544CF16139}.Debug Clang AVX2|x64.Build.0 = Debug Clang|x64
		{D45CEC7A-3171-40DD-975D-E1544CF16139}.Debug Clang|x64.ActiveCfg = Debug Clang|x64
		{D45CEC7A-3171-40DD-975D-E1544CF16139}.Debug Clang|x64.Build.0 = Debug Clang|x64
		{D45CEC7A-3171-40DD-975D-E1544CF16139}.Debug|x64.ActiveCfg = Debug|x64
		{D45CEC7A-3171-40DD-975D-E1544CF16139}.Debug|x64.Build.0 = Debug|x64
		{D45CEC7A-3171-40DD-975D-E1544CF16139}.Devel AVX2|x64.ActiveCfg = Devel|x64
		{D45CEC7A-3171-40DD-975D-E1544CF16139}.Devel AVX2|x64.Build.0 = Devel|x64
		{D45CEC7A-3171-40DD-975D-E1544CF16139}.Devel Clang AVX2|x64.ActiveCfg = Devel Clang|x64
		{D45CEC7A-3171-40DD-975D-E1544CF16139}.Devel Clang AVX2|x64.Build.0 = Devel Clang|x64
		{D45CEC7A-3171-40DD-975D-E1544CF16139}.Devel Clang|x64.ActiveCfg = Devel Clang|x64
		{D45CEC7A-3171-40DD-975D-E1544CF16139}.Devel Clang|x64.Build.0 = Devel Clang|x64
		{D45CEC7A-3171-40DD-975D-E1544CF16139}.Devel|x64.ActiveCfg = Devel|x64
		{D45CEC7A-3171-40DD-975D-E1544CF16139}.Devel|x64.Build.0 = Devel|x64
		{D45CEC7A-3171-40DD-975D-E1544CF16139}.Release AVX2|x64.ActiveCfg = Release|x64
		{D45CEC7A-3171-40DD-975D-E1544CF16139}.Release AVX2|x64.Build.0 = Release|x64
		{D45CEC7A-3171-40DD-975D-E1544CF16139}.Release Clang AVX2|x64.ActiveCfg = Release Clang|x64
		{D45CEC7A-3171-40DD-975D-E1544CF16139}.Release Clang AVX2|x64.Build.0 = Release Clang|x64
		{D45CEC7A-3171-40DD-975D-E1544CF16139}.Release Clang|x64.ActiveCfg = Release Clang|x64
		{D45CEC7A-3171-40DD-975D-E1544CF16139}.Release Clang|x64.Build.0 = Release Clang|x64
		{D45CEC7A-3171-40DD-975D-E1544CF16139}.Release|x64.ActiveCfg = Release|x64
		{D45CEC7A-3171-40DD-975D-E1544CF16139}.Release|x64.Build.0 = Release|x64
		{A4323327-3F2B-4271-83D9-7F9A3C66B6B2}.Debug AVX2|x64.ActiveCfg = Debug|x64
		{A4323327-3F2B-4271-83D9-7F9A3C66B6B2}.Debug AVX2|x64.Build.0 = Debug|x64
		{A4323327-3F2B-4271-83D9-7F9A3C66B6B2}.Debug Clang AVX2|x64.ActiveCfg = Debug Clang|x64
		{A4323327-3F2B-4271-83D9-7F9A3C66B6B2}.Debug Clang AVX2|x64.Build.0 = Debug Clang|x64
		{A4323327-3F2B-4271-83D9-7F9A3C66B6B2}.Debug Clang|x64.ActiveCfg = Debug Clang|x64
		{A4323327-3F2B-4271-83D9-7F9A3C66B6B2}.Debug Clang|x64.Build.0 = Debug Clang|x64
		{A4323327-3F2B-4271-83D9-7F9A3C66B6B2}.Debug|x64.ActiveCfg = Debug|x64
		{A4323327-3F2B-4271-83D9-7F9A3C66B6B2}.Debug|x64.Build.0 = Debug|x64
		{A4323327-3F2B-4271-83D9-7F9A3C66B6B2}.Devel AVX2|x64.ActiveCfg = Devel|x64
		{A4323327-3F2B-4271-83D9-7F9A3C66B6B2}.Devel AVX2|x64.Build.0 = Devel|x64
		{A4323327-3F2B-4271-83D9-7F9A3C66B6B2}.Devel Clang AVX2|x64.ActiveCfg = Devel Clang|x64
		{A4323327-3F2B-4271-83D9-7F9A3C66B6B2}.Devel Clang AVX2|x64.Build.0 = Devel Clang|x64
		{A4323327-3F2B-4271-83D9-7F9A3C66B6B2}.Devel Clang|x64.ActiveCfg = Devel Clang|x64
		{A4323327-3F2B-4271-83D9-7F9A3C66B6B2}.Devel Clang|x64.Build.0 = Devel Clang|x64
		{A4323327-3F2B-4271-83D9-7F9A3C66B6B2}.Devel|x64.ActiveCfg = Devel|x64
		{A4323327-3F2B-4271-83D9-7F9A3C66B6B2}.Devel|x64.Build.0 = Devel|x64
		{A4323327-3F2B-4271-83D9-7F9A3C66B6B2}.Release AVX2|x64.ActiveCfg = Release|x64
		{A4323327-3F2B-4271-83D9-7F9A3C66B6B2}.Release AVX2|x64.Build.0 = Release|x64
		{A4323327-3F2B-4271-83D9-7F9A3C66B6B2}.Release Clang AVX2|x64.ActiveCfg = Release Clang|x64
		{A4323327-3F2B-4271-83D9-7F9A3C66B6B2}.Release Clang AVX2|x64.Build.0 = Release Clang|x64
		{A4323327-3F2B-4271-83D9-7F9A3C66B6B2}.Release Clang|x64.ActiveCfg = Release Clang|x64
		{A4323327-3F2B-4271-83D9-7F9A3C66B6B2}.Release Clang|x64.Build.0 = Release Clang|x64
		{A4323327-3F2B-4271-83D9-7F9A3C66B6B2}.Release|x64.ActiveCfg = Release|x64
		{A4323327-3F2B-4271-83D9-7F9A3C66B6B2}.Release|x64.Build.0 = Release|x64
		{90BBDC04-CC44-4006-B893-06A4FEA8ED47}.Debug AVX2|x64.ActiveCfg = Debug|x64
		{90BBDC04-CC44-4006-B893-06A4FEA8ED47}.Debug AVX2|x64.Build.0 = Debug|x64
		{90BBDC04-CC44-4006-B893-06A4FEA8ED47}.Debug Clang AVX2|x64.ActiveCfg = Debug Clang|x64
		{90BBDC04-CC44-4006-B893-06A4FEA8ED47}.Debug Clang AVX2|x64.Build.0 = Debug Clang|x64
		{90BBDC04-CC44-4006-B893-06A4FEA8ED47}.Debug Clang|x64.ActiveCfg = Debug Clang|x64
		{90BBDC04-CC44-4006-B893-06A4FEA8ED47}.Debug Clang|x64.Build.0 = Debug Clang|x64
		{90BBDC04-CC44-4006-B893-06A4FEA8ED47}.Debug|x64.ActiveCfg = Debug|x64
		{90BBDC04-CC44-4006-B893-06A4FEA8ED47}.Debug|x64.Build.0 = Debug|x64
		{90BBDC04-CC44-4006-B893-06A4FEA8ED47}.Devel AVX2|x64.ActiveCfg = Devel|x64
		{90BBDC04-CC44-4006-B893-06A4FEA8ED47}.Devel AVX2|x64.Build.0 = Devel|x64
		{90BBDC04-CC44-4006-B893-06A4FEA8ED47}.Devel Clang AVX2|x64.ActiveCfg = Devel Clang|x64
		{90BBDC04-CC44-4006-B893-06A4FEA8ED47}.Devel Clang AVX2|x64.Build.0 = Devel Clang|x64
		{90BBDC04-CC44-4006-B893-06A4FEA8ED47}.Devel Clang|x64.ActiveCfg = Devel Clang|x64
		{90BBDC04-CC44-4006-B893-06A4FEA8ED47}.Devel Clang|x64.Build.0 = Devel Clang|x64
		{90BBDC04-CC44-4006-B893-06A4FEA8ED47}.Devel|x64.ActiveCfg = Devel|x64
		{90BBDC04-CC44-4006-B893-06A4FEA8ED47}.Devel|x64.Build.0 = Devel|x64
		{90BBDC04-CC44-4006-B893-06A4FEA8ED47}.Release AVX2|x64.ActiveCfg = Release|x64
		{90BBDC04-CC44-4006-B893-06A4FEA8ED47}.Release AVX2|x64.Build.0 = Release|x64
		{90BBDC04-CC44-4006-B893-06A4FEA8ED47}.Release Clang AVX2|x64.ActiveCfg = Release Clang|x64
		{90BBDC04-CC44-4006-B893-06A4FEA8ED47}.Release Clang AVX2|x64.Build.0 = Release Clang|x64
		{90BBDC04-CC44-4006-B893-06A4FEA8ED47}.Release Clang|x64.ActiveCfg = Release Clang|x64
		{90BBDC04-CC44-4006-B893-06A4FEA8ED47}.Release Clang|x64.Build.0 = Release Clang|x64
		{90BBDC04-CC44-4006-B893-06A4FEA8ED47}.Release|x64.ActiveCfg = Release|x64
		{90BBDC04-CC44-4006-B893-06A4FEA8ED47}.Release|x64.Build.0 = Release|x64
		{7E183337-A7E9-460C-9D3D-568BC9F9BCC1}.Debug AVX2|x64.ActiveCfg = Debug|x64
		{7E183337-A7E9-460C-9D3D-568BC9F9BCC1}.Debug AVX2|x64.Build.0 = Debug|x64
		{7E183337-A7E9-460C-9D3D-568BC9F9BCC1}.Debug Clang AVX2|x64.ActiveCfg = Debug Clang|x64
		{7E183337-A7E9-460C-9D3D-568BC9F9BCC1}.Debug Clang AVX2|x64.Build.0 = Debug Clang|x64
		{7E183337-A7E9-460C-9D3D-568BC9F9BCC1}.Debug Clang|x64.ActiveCfg = Debug Clang|x64
		{7E183337-A7E9-460C-9D3D-568BC9F9BCC1}.Debug Clang|x64.Build.0 = Debug Clang|x64
		{7E183337-A7E9-460C-9D3D-568BC9F9BCC1}.Debug|x64.ActiveCfg = Debug|x64
		{7E183337-A7E9-460C-9D3D-568BC9F9BCC1}.Debug|x64.Build.0 = Debug|x64
		{7E183337-A7E9-460C-9D3D-568BC9F9BCC1}.Devel AVX2|x64.ActiveCfg = Devel|x64
		{7E183337-A7E9-460C-9D3D-568BC9F9BCC1}.Devel AVX2|x64.Build.0 = Devel|x64
		{7E183337-A7E9-460C-9D3D-568BC9F9BCC1}.Devel Clang AVX2|x64.ActiveCfg = Devel Clang|x64
		{7E183337-A7E9-460C-9D3D-568BC9F9BCC1}.Devel Clang AVX2|x64.Build.0 = Devel Clang|x64
		{7E183337-A7E9-460C-9D3D-568BC9F9BCC1}.Devel Clang|x64.ActiveCfg = Devel Clang|x64
		{7E183337-A7E9-460C-9D3D-568BC9F9BCC1}.Devel Clang|x64.Build.0 = Devel Clang|x64
		{7E183337-A7E9-460C-9D3D-568BC9F9BCC1}.Devel|x64.ActiveCfg = Devel|x64
		{7E183337-A7E9-460C-9D3D-568BC9F9BCC1}.Devel|x64.Build.0 = Devel|x64
		{7E183337-A7E9-460C-9D3D-568BC9F9BCC1}.Release AVX2|x64.ActiveCfg = Release|x64
		{7E183337-A7E9-460C-9D3D-568BC9F9BCC1}.Release AVX2|x64.Build.0 = Release|x64
		{7E183337-A7E9-460C-9D3D-568BC9F9BCC1}.Release Clang AVX2|x64.ActiveCfg = Release Clang|x64
		{7E183337-A7E9-460C-9D3D-568BC9F9BCC1}.Release Clang AVX2|x64.Build.0 = Release Clang|x64
		{7E183337-A7E9-460C-9D3D-568BC9F9BCC1}.Release Clang|x64.ActiveCfg = Release Clang|x64
		{7E183337-A7E9-460C-9D3D-568BC9F9BCC1}.Release Clang|x64.Build.0 = Release Clang|x64
		{7E183337-A7E9-460C-9D3D-568BC9F9BCC1}.Release|x64.ActiveCfg = Release|x64
		{7E183337-A7E9-460C-9D3D-568BC9F9BCC1}.Release|x64.Build.0 = Release|x64
		{6D5B5AD9-1525-459B-939F-A5E1082AF6B3}.Debug AVX2|x64.ActiveCfg = Debug|x64
		{6D5B5AD9-1525-459B-939F-A5E1082AF6B3}.Debug AVX2|x64.Build.0 = Debug|x64
		{6D5B5AD9-1525-459B-939F-A5E1082AF6B3}.Debug Clang AVX2|x64.ActiveCfg = Debug Clang|x64
		{6D5B5AD9-1525-459B-939F-A5E1082AF6B3}.Debug Clang AVX2|x64.Build.0 = Debug Clang|x64
		{6D5B5AD9-1525-459B-939F-A5E1082AF6B3}.Debug Clang|x64.ActiveCfg = Debug Clang|x64
		{6D5B5AD9-1525-459B-939F-A5E1082AF6B3}.Debug Clang|x64.Build.0 = Debug Clang|x64
		{6D5B5AD9-1525-459B-939F-A5E1082AF6B3}.Debug|x64.ActiveCfg = Debug|x64
		{6D5B5AD9-1525-459B-939F-A5E1082AF6B3}.Debug|x64.Build.0 = Debug|x64
		{6D5B5AD9-1525-459B-939F-A5E1082AF6B3}.Devel AVX2|x64.ActiveCfg = Devel|x64
		{6D5B5AD9-1525-459B-939F-A5E1082AF6B3}.Devel AVX2|x64.Build.0 = Devel|x64
		{6D5B5AD9-1525-459B-939F-A5E1082AF6B3}.Devel Clang AVX2|x64.ActiveCfg = Devel Clang|x64
		{6D5B5AD9-1525-459B-939F-A5E1082AF6B3}.Devel Clang AVX2|x64.Build.0 = Devel Clang|x64
		{6D5B5AD9-1525-459B-939F-A5E1082AF6B3}.Devel Clang|x64.ActiveCfg = Devel Clang|x64
		{6D5B5AD9-1525-459B-939F-A5E1082AF6B3}.Devel Clang|x64.Build.0 = Devel Clang|x64
		{6D5B5AD9-1525-459B-939F-A5E1082AF6B3}.Devel|x64.ActiveCfg = Devel|x64
		{6D5B5AD9-1525-459B-939F-A5E1082AF6B3}.Devel|x64.Build.0 = Devel|x64
		{6D5B5AD9-1525-459B-939F-A5E1082AF6B3}.Release AVX2|x64.ActiveCfg = Release|x64
		{6D5B5AD9-1525-459B-939F-A5E1082AF6B3}.Release AVX2|x64.Build.0 = Release|x64
		{6D5B5AD9-1525-459B-939F-A5E1082AF6B3}.Release Clang AVX2|x64.ActiveCfg = Release Clang|x64
		{6D5B5AD9-1525-459B-939F-A5E1082AF6B3}.Release Clang AVX2|x64.Build.0 = Release Clang|x64
		{6D5B5AD9-1525-459B-939F-A5E1082AF6B3}.Release Clang|x64.ActiveCfg = Release Clang|x64
		{6D5B5AD9-1525-459B-939F-A5E1082AF6B3}.Release Clang|x64.Build.0 = Release Clang|x64
		{6D5B5AD9-1525-459B-939F-A5E1082AF6B3}.Release|x64.ActiveCfg = Release|x64
		{6D5B5AD9-1525-459B-939F-A5E1082AF6B3}.Release|x64.Build.0 = Release|x64
		{95DD0A0C-D14D-4CFF-A593-820EF26EFCC8}.Debug AVX2|x64.ActiveCfg = Debug|x64
		{95DD0A0C-D14D-4CFF-A593-820EF26EFCC8}.Debug AVX2|x64.Build.0 = Debug|x64
		{95DD0A0C-D14D-4CFF-A593-820EF26EFCC8}.Debug Clang AVX2|x64.ActiveCfg = Debug Clang|x64
		{95DD0A0C-D14D-4CFF-A593-820EF26EFCC8}.Debug Clang AVX2|x64.Build.0 = Debug Clang|x64
		{95DD0A0C-D14D-4CFF-A593-820EF26EFCC8}.Debug Clang|x64.ActiveCfg = Debug Clang|x64
		{95DD0A0C-D14D-4CFF-A593-820EF26EFCC8}.Debug Clang|x64.Build.0 = Debug Clang|x64
		{95DD0A0C-D14D-4CFF-A593-820EF26EFCC8}.Debug|x64.ActiveCfg = Debug|x64
		{95DD0A0C-D14D-4CFF-A593-820EF26EFCC8}.Debug|x64.Build.0 = Debug|x64
		{95DD0A0C-D14D-4CFF-A593-820EF26EFCC8}.Devel AVX2|x64.ActiveCfg = Devel|x64
		{95DD0A0C-D14D-4CFF-A593-820EF26EFCC8}.Devel AVX2|x64.Build.0 = Devel|x64
		{95DD0A0C-D14D-4CFF-A593-820EF26EFCC8}.Devel Clang AVX2|x64.ActiveCfg = Devel Clang|x64
		{95DD0A0C-D14D-4CFF-A593-820EF26EFCC8}.Devel Clang AVX2|x64.Build.0 = Devel Clang|x64
		{95DD0A0C-D14D-4CFF-A593-820EF26EFCC8}.Devel Clang|x64.ActiveCfg = Devel Clang|x64
		{95DD0A0C-D14D-4CFF-A593-820EF26EFCC8}.Devel Clang|x64.Build.0 = Devel Clang|x64
		{95DD0A0C-D14D-4CFF-A593-820EF26EFCC8}.Devel|x64.ActiveCfg = Devel|x64
		{95DD0A0C-D14D-4CFF-A593-820EF26EFCC8}.Devel|x64.Build.0 = Devel|x64
		{95DD0A0C-D14D-4CFF-A593-820EF26EFCC8}.Release AVX2|x64.ActiveCfg = Release|x64
		{95DD0A0C-D14D-4CFF-A593-820EF26EFCC8}.Release AVX2|x64.Build.0 = Release|x64
		{95DD0A0C-D14D-4CFF-A593-820EF26EFCC8}.Release Clang AVX2|x64.ActiveCfg = Release Clang|x64
		{95DD0A0C-D14D-4CFF-A593-820EF26EFCC8}.Release Clang AVX2|x64.Build.0 = Release Clang|x64
		{95DD0A0C-D14D-4CFF-A593-820EF26EFCC8}.Release Clang|x64.ActiveCfg = Release Clang|x64
		{95DD0A0C-D14D-4CFF-A593-820EF26EFCC8}.Release Clang|x64.Build.0 = Release Clang|x64
		{95DD0A0C-D14D-4CFF-A593-820EF26EFCC8}.Release|x64.ActiveCfg = Release|x64
		{95DD0A0C-D14D-4CFF-A593-820EF26EFCC8}.Release|x64.Build.0 = Release|x64
		{E960DFDF-1BD3-4C29-B251-D1A0919C9B09}.Debug AVX2|x64.ActiveCfg = Debug|x64
		{E960DFDF-1BD3-4C29-B251-D1A0919C9B09}.Debug AVX2|x64.Build.0 = Debug|x64
		{E960DFDF-1BD3-4C29-B251-D1A0919C9B09}.Debug Clang AVX2|x64.ActiveCfg = Debug Clang|x64
		{E960DFDF-1BD3-4C29-B251-D1A0919C9B09}.Debug Clang AVX2|x64.Build.0 = Debug Clang|x64
		{E960DFDF-1BD3-4C29-B251-D1A0919C9B09}.Debug Clang|x64.ActiveCfg = Debug Clang|x64
		{E960DFDF-1BD3-4C29-B251-D1A0919C9B09}.Debug Clang|x64.Build.0 = Debug Clang|x64
		{E960DFDF-1BD3-4C29-B251-D1A0919C9B09}.Debug|x64.ActiveCfg = Debug|x64
		{E960DFDF-1BD3-4C29-B251-D1A0919C9B09}.Debug|x64.Build.0 = Debug|x64
		{E960DFDF-1BD3-4C29-B251-D1A0919C9B09}.Devel AVX2|x64.ActiveCfg = Devel|x64
		{E960DFDF-1BD3-4C29-B251-D1A0919C9B09}.Devel AVX2|x64.Build.0 = Devel|x64
		{E960DFDF-1BD3-4C29-B251-D1A0919C9B09}.Devel Clang AVX2|x64.ActiveCfg = Devel Clang|x64
		{E960DFDF-1BD3-4C29-B251-D1A0919C9B09}.Devel Clang AVX2|x64.Build.0 = Devel Clang|x64
		{E960DFDF-1BD3-4C29-B251-D1A0919C9B09}.Devel Clang|x64.ActiveCfg = Devel Clang|x64
		{E960DFDF-1BD3-4C29-B251-D1A0919C9B09}.Devel Clang|x64.Build.0 = Devel Clang|x64
		{E960DFDF-1BD3-4C29-B251-D1A0919C9B09}.Devel|x64.ActiveCfg = Devel|x64
		{E960DFDF-1BD3-4C29-B251-D1A0919C9B09}.Devel|x64.Build.0 = Devel|x64
		{E960DFDF-1BD3-4C29-B251-D1A0919C9B09}.Release AVX2|x64.ActiveCfg = Release|x64
		{E960DFDF-1BD3-4C29-B251-D1A0919C9B09}.Release AVX2|x64.Build.0 = Release|x64
		{E960DFDF-1BD3-4C29-B251-D1A0919C9B09}.Release Clang AVX2|x64.ActiveCfg = Release Clang|x64
		{E960DFDF-1BD3-4C29-B251-D1A0919C9B09}.Release Clang AVX2|x64.Build.0 = Release Clang|x64
		{E960DFDF-1BD3-4C29-B251-D1A0919C9B09}.Release Clang|x64.ActiveCfg = Release Clang|x64
		{E960DFDF-1BD3-4C29-B251-D1A0919C9B09}.Release Clang|x64.Build.0 = Release Clang|x64
		{E960DFDF-1BD3-4C29-B251-D1A0919C9B09}.Release|x64.ActiveCfg = Release|x64
		{E960DFDF-1BD3-4C29-B251-D1A0919C9B09}.Release|x64.Build.0 = Release|x64
		{BB98BF81-A132-444A-BB81-96D510F433A8}.Debug AVX2|x64.ActiveCfg = Debug AVX2|x64
		{BB98BF81-A132-444A-BB81-96D510F433A8}.Debug Clang AVX2|x64.ActiveCfg = Debug Clang AVX2|x64
		{BB98BF81-A132-444A-BB81-96D510F433A8}.Debug Clang|x64.ActiveCfg = Debug Clang|x64
		{BB98BF81-A132-444A-BB81-96D510F433A8}.Debug|x64.ActiveCfg = Debug|x64
		{BB98BF81-A132-444A-BB81-96D510F433A8}.Devel AVX2|x64.ActiveCfg = Devel AVX2|x64
		{BB98BF81-A132-444A-BB81-96D510F433A8}.Devel Clang AVX2|x64.ActiveCfg = Devel Clang AVX2|x64
		{BB98BF81-A132-444A-BB81-96D510F433A8}.Devel Clang|x64.ActiveCfg = Devel Clang|x64
		{BB98BF81-A132-444A-BB81-96D510F433A8}.Devel|x64.ActiveCfg = Devel|x64
		{BB98BF81-A132-444A-BB81-96D510F433A8}.Release AVX2|x64.ActiveCfg = Release AVX2|x64
		{BB98BF81-A132-444A-BB81-96D510F433A8}.Release Clang AVX2|x64.ActiveCfg = Release Clang AVX2|x64
		{BB98BF81-A132-444A-BB81-96D510F433A8}.Release Clang|x64.ActiveCfg = Release Clang|x64
		{BB98BF81-A132-444A-BB81-96D510F433A8}.Release|x64.ActiveCfg = Release|x64
		{67D0160C-0FE4-44B9-AC2E-82BBCF4104DF}.Debug AVX2|x64.ActiveCfg = Debug|x64
		{67D0160C-0FE4-44B9-AC2E-82BBCF4104DF}.Debug AVX2|x64.Build.0 = Debug|x64
		{67D0160C-0FE4-44B9-AC2E-82BBCF4104DF}.Debug Clang AVX2|x64.ActiveCfg = Debug Clang|x64
		{67D0160C-0FE4-44B9-AC2E-82BBCF4104DF}.Debug Clang AVX2|x64.Build.0 = Debug Clang|x64
		{67D0160C-0FE4-44B9-AC2E-82BBCF4104DF}.Debug Clang|x64.ActiveCfg = Debug Clang|x64
		{67D0160C-0FE4-44B9-AC2E-82BBCF4104DF}.Debug Clang|x64.Build.0 = Debug Clang|x64
		{67D0160C-0FE4-44B9-AC2E-82BBCF4104DF}.Debug|x64.ActiveCfg = Debug|x64
		{67D0160C-0FE4-44B9-AC2E-82BBCF4104DF}.Debug|x64.Build.0 = Debug|x64
		{67D0160C-0FE4-44B9-AC2E-82BBCF4104DF}.Devel AVX2|x64.ActiveCfg = Devel|x64
		{67D0160C-0FE4-44B9-AC2E-82BBCF4104DF}.Devel AVX2|x64.Build.0 = Devel|x64
		{67D0160C-0FE4-44B9-AC2E-82BBCF4104DF}.Devel Clang AVX2|x64.ActiveCfg = Devel Clang|x64
		{67D0160C-0FE4-44B9-AC2E-82BBCF4104DF}.Devel Clang AVX2|x64.Build.0 = Devel Clang|x64
		{67D0160C-0FE4-44B9-AC2E-82BBCF4104DF}.Devel Clang|x64.ActiveCfg = Devel Clang|x64
		{67D0160C-0FE4-44B9-AC2E-82BBCF4104DF}.Devel Clang|x64.Build.0 = Devel Clang|x64
		{67D0160C-0FE4-44B9-AC2E-82BBCF4104DF}.Devel|x64.ActiveCfg = Devel|x64
		{67D0160C-0FE4-44B9-AC2E-82BBCF4104DF}.Devel|x64.Build.0 = Devel|x64
		{67D0160C-0FE4-44B9-AC2E-82BBCF4104DF}.Release AVX2|x64.ActiveCfg = Release|x64
		{67D0160C-0FE4-44B9-AC2E-82BBCF4104DF}.Release AVX2|x64.Build.0 = Release|x64
		{67D0160C-0FE4-44B9-AC2E-82BBCF4104DF}.Release Clang AVX2|x64.ActiveCfg = Release Clang|x64
		{67D0160C-0FE4-44B9-AC2E-82BBCF4104DF}.Release Clang AVX2|x64.Build.0 = Release Clang|x64
		{67D0160C-0FE4-44B9-AC2E-82BBCF4104DF}.Release Clang|x64.ActiveCfg = Release Clang|x64
		{67D0160C-0FE4-44B9-AC2E-82BBCF4104DF}.Release Clang|x64.Build.0 = Release Clang|x64
		{67D0160C-0FE4-44B9-AC2E-82BBCF4104DF}.Release|x64.ActiveCfg = Release|x64
		{67D0160C-0FE4-44B9-AC2E-82BBCF4104DF}.Release|x64.Build.0 = Release|x64
		{1E3D706C-1D95-4E1B-BDF2-CA3D0007DF7F}.Debug AVX2|x64.ActiveCfg = Debug|x64
		{1E3D706C-1D95-4E1B-BDF2-CA3D0007DF7F}.Debug AVX2|x64.Build.0 = Debug|x64
		{1E3D706C-1D95-4E1B-BDF2-CA3D0007DF7F}.Debug Clang AVX2|x64.ActiveCfg = Debug Clang|x64
		{1E3D706C-1D95-4E1B-BDF2-CA3D0007DF7F}.Debug Clang AVX2|x64.Build.0 = Debug Clang|x64
		{1E3D706C-1D95-4E1B-BDF2-CA3D0007DF7F}.Debug Clang|x64.ActiveCfg = Debug Clang|x64
		{1E3D706C-1D95-4E1B-BDF2-CA3D0007DF7F}.Debug Clang|x64.Build.0 = Debug Clang|x64
		{1E3D706C-1D95-4E1B-BDF2-CA3D0007DF7F}.Debug|x64.ActiveCfg = Debug|x64
		{1E3D706C-1D95-4E1B-BDF2-CA3D0007DF7F}.Debug|x64.Build.0 = Debug|x64
		{1E3D706C-1D95-4E1B-BDF2-CA3D0007DF7F}.Devel AVX2|x64.ActiveCfg = Devel|x64
		{1E3D706C-1D95-4E1B-BDF2-CA3D0007DF7F}.Devel AVX2|x64.Build.0 = Devel|x64
		{1E3D706C-1D95-4E1B-BDF2-CA3D0007DF7F}.Devel Clang AVX2|x64.ActiveCfg = Devel Clang|x64
		{1E3D706C-1D95-4E1B-BDF2-CA3D0007DF7F}.Devel Clang AVX2|x64.Build.0 = Devel Clang|x64
		{1E3D706C-1D95-4E1B-BDF2-CA3D0007DF7F}.Devel Clang|x64.ActiveCfg = Devel Clang|x64
		{1E3D706C-1D95-4E1B-BDF2-CA3D0007DF7F}.Devel Clang|x64.Build.0 = Devel Clang|x64
		{1E3D706C-1D95-4E1B-BDF2-CA3D0007DF7F}.Devel|x64.ActiveCfg = Devel|x64
		{1E3D706C-1D95-4E1B-BDF2-CA3D0007DF7F}.Devel|x64.Build.0 = Devel|x64
		{1E3D706C-1D95-4E1B-BDF2-CA3D0007DF7F}.Release AVX2|x64.ActiveCfg = Release|x64
		{1E3D706C-1D95-4E1B-BDF2-CA3D0007DF7F}.Release AVX2|x64.Build.0 = Release|x64
		{1E3D706C-1D95-4E1B-BDF2-CA3D0007DF7F}.Release Clang AVX2|x64.ActiveCfg = Release Clang|x64
		{1E3D706C-1D95-4E1B-BDF2-CA3D0007DF7F}.Release Clang AVX2|x64.Build.0 = Release Clang|x64
		{1E3D706C-1D95-4E1B-BDF2-CA3D0007DF7F}.Release Clang|x64.ActiveCfg = Release Clang|x64
		{1E3D706C-1D95-4E1B-BDF2-CA3D0007DF7F}.Release Clang|x64.Build.0 = Release Clang|x64
		{1E3D706C-1D95-4E1B-BDF2-CA3D0007DF7F}.Release|x64.ActiveCfg = Release|x64
		{1E3D706C-1D95-4E1B-BDF2-CA3D0007DF7F}.Release|x64.Build.0 = Release|x64
	EndGlobalSection
	GlobalSection(SolutionProperties) = preSolution
		HideSolutionNode = FALSE
	EndGlobalSection
	GlobalSection(NestedProjects) = preSolution
		{E9B51944-7E6D-4BCD-83F2-7BBD5A46182D} = {78EBE642-7A4D-4EA7-86BE-5639C6646C38}
		{2F6C0388-20CB-4242-9F6C-A6EBB6A83F47} = {78EBE642-7A4D-4EA7-86BE-5639C6646C38}
		{BC236261-77E8-4567-8D09-45CD02965EB6} = {78EBE642-7A4D-4EA7-86BE-5639C6646C38}
		{D6973076-9317-4EF2-A0B8-B7A18AC0713E} = {78EBE642-7A4D-4EA7-86BE-5639C6646C38}
		{12728250-16EC-4DC6-94D7-E21DD88947F8} = {78EBE642-7A4D-4EA7-86BE-5639C6646C38}
		{449AD25E-424A-4714-BABC-68706CDCC33B} = {78EBE642-7A4D-4EA7-86BE-5639C6646C38}
		{A0D2B3AD-1F72-4EE3-8B5C-F2C358DA35F0} = {78EBE642-7A4D-4EA7-86BE-5639C6646C38}
		{ED2F21FD-0A36-4A8F-9B90-E7D92A2ACB63} = {78EBE642-7A4D-4EA7-86BE-5639C6646C38}
		{C0293B32-5ACF-40F0-AA6C-E6DA6F3BF33A} = {78EBE642-7A4D-4EA7-86BE-5639C6646C38}
		{88FB34EC-845E-4F21-A552-F1573B9ED167} = {78EBE642-7A4D-4EA7-86BE-5639C6646C38}
		{1EC8B3C0-8FB3-46DE-A2E0-A9121203F266} = {78EBE642-7A4D-4EA7-86BE-5639C6646C38}
		{BF74C473-DC04-44B3-92E8-4145F4E77342} = {78EBE642-7A4D-4EA7-86BE-5639C6646C38}
		{DE9653B6-17DD-356A-9EE0-28A731772587} = {78EBE642-7A4D-4EA7-86BE-5639C6646C38}
		{EF6834A9-11F3-4331-BC34-21B325ABB180} = {78EBE642-7A4D-4EA7-86BE-5639C6646C38}
		{20B2E9FE-F020-42A0-B324-956F5B06EA68} = {78EBE642-7A4D-4EA7-86BE-5639C6646C38}
		{52244028-937A-44E9-A76B-2BEA18FD239A} = {78EBE642-7A4D-4EA7-86BE-5639C6646C38}
		{D45CEC7A-3171-40DD-975D-E1544CF16139} = {78EBE642-7A4D-4EA7-86BE-5639C6646C38}
		{A4323327-3F2B-4271-83D9-7F9A3C66B6B2} = {78EBE642-7A4D-4EA7-86BE-5639C6646C38}
		{7E183337-A7E9-460C-9D3D-568BC9F9BCC1} = {78EBE642-7A4D-4EA7-86BE-5639C6646C38}
		{6D5B5AD9-1525-459B-939F-A5E1082AF6B3} = {78EBE642-7A4D-4EA7-86BE-5639C6646C38}
		{95DD0A0C-D14D-4CFF-A593-820EF26EFCC8} = {78EBE642-7A4D-4EA7-86BE-5639C6646C38}
		{E960DFDF-1BD3-4C29-B251-D1A0919C9B09} = {78EBE642-7A4D-4EA7-86BE-5639C6646C38}
		{67D0160C-0FE4-44B9-AC2E-82BBCF4104DF} = {78EBE642-7A4D-4EA7-86BE-5639C6646C38}
		{1E3D706C-1D95-4E1B-BDF2-CA3D0007DF7F} = {78EBE642-7A4D-4EA7-86BE-5639C6646C38}
	EndGlobalSection
	GlobalSection(ExtensibilityGlobals) = postSolution
		SolutionGuid = {0BC474EA-3628-45D3-9DBC-E22D0B7E0F77}
	EndGlobalSection
EndGlobal
