<?xml version="1.0" encoding="utf-8"?>
<Project ToolsVersion="4.0" xmlns="http://schemas.microsoft.com/developer/msbuild/2003">
  <ItemGroup>
    <Filter Include="Source Files">
      <UniqueIdentifier>{4FC737F1-C7A5-4376-A066-2A32D752A2FF}</UniqueIdentifier>
      <Extensions>cpp;c;cc;cxx;def;odl;idl;hpj;bat;asm;asmx</Extensions>
    </Filter>
    <Filter Include="Header Files">
      <UniqueIdentifier>{93995380-89BD-4b04-88EB-625FBE52EBFB}</UniqueIdentifier>
      <Extensions>h;hpp;hxx;hm;inl;inc;xsd</Extensions>
    </Filter>
    <Filter Include="Resource Files">
      <UniqueIdentifier>{67DA6AB6-F800-4c08-8B7A-83BB121AAD01}</UniqueIdentifier>
      <Extensions>rc;ico;cur;bmp;dlg;rc2;rct;bin;rgs;gif;jpg;jpeg;jpe;resx;tiff;tif;png;wav;mfcribbon-ms</Extensions>
    </Filter>
  </ItemGroup>
  <ItemGroup>
    <ClInclude Include="CDVD.h">
      <Filter>Header Files</Filter>
    </ClInclude>
    <ClInclude Include="ConfigCommon.h">
      <Filter>Header Files</Filter>
    </ClInclude>
    <ClInclude Include="DEV9.h">
      <Filter>Header Files</Filter>
    </ClInclude>
    <ClInclude Include="FW.h">
      <Filter>Header Files</Filter>
    </ClInclude>
    <ClInclude Include="GS.h">
      <Filter>Header Files</Filter>
    </ClInclude>
    <ClInclude Include="gsnull_GifTransfer.h">
      <Filter>Header Files</Filter>
    </ClInclude>
    <ClInclude Include="gsnull_Registers.h">
      <Filter>Header Files</Filter>
    </ClInclude>
    <ClInclude Include="Pad.h">
      <Filter>Header Files</Filter>
    </ClInclude>
    <ClInclude Include="PS2Einterface.h">
      <Filter>Header Files</Filter>
    </ClInclude>
    <ClInclude Include="SPU2.h">
      <Filter>Header Files</Filter>
    </ClInclude>
    <ClInclude Include="USB.h">
      <Filter>Header Files</Filter>
    </ClInclude>
  </ItemGroup>
  <ItemGroup>
    <ClCompile Include="CDVD.cpp">
      <Filter>Source Files</Filter>
    </ClCompile>
    <ClCompile Include="DEV9.cpp">
      <Filter>Source Files</Filter>
    </ClCompile>
    <ClCompile Include="FW.cpp">
      <Filter>Source Files</Filter>
    </ClCompile>
    <ClCompile Include="GS.cpp">
      <Filter>Source Files</Filter>
    </ClCompile>
    <ClCompile Include="gsnull_GifTransfer.cpp">
      <Filter>Source Files</Filter>
    </ClCompile>
    <ClCompile Include="gsnull_Registers.cpp">
      <Filter>Source Files</Filter>
    </ClCompile>
    <ClCompile Include="Pad.cpp">
      <Filter>Source Files</Filter>
    </ClCompile>
    <ClCompile Include="PS2Einterface.cpp">
      <Filter>Source Files</Filter>
    </ClCompile>
    <ClCompile Include="SPU2.cpp">
      <Filter>Source Files</Filter>
    </ClCompile>
    <ClCompile Include="USB.cpp">
      <Filter>Source Files</Filter>
    </ClCompile>
  </ItemGroup>
</Project>