Microsoft Visual Studio Solution File, Format Version 9.00
# Visual Studio 2005
Project("{8BC9CEB8-8B4A-11D0-8D11-00A0C91BC942}") = "pcsx2", "pcsx2_2005.vcproj", "{1CEFD830-2B76-4596-A4EE-BCD7280A60BD}"
EndProject
Global
	GlobalSection(SolutionConfigurationPlatforms) = preSolution
		Debug TLB|Win32 = Debug TLB|Win32
		Debug|Win32 = Debug|Win32
		Release TLB|Win32 = Release TLB|Win32
		Release|Win32 = Release|Win32
	EndGlobalSection
	GlobalSection(ProjectConfigurationPlatforms) = postSolution
		{1CEFD830-2B76-4596-A4EE-BCD7280A60BD}.Debug TLB|Win32.ActiveCfg = Debug TLB|Win32
		{1CEFD830-2B76-4596-A4EE-BCD7280A60BD}.Debug TLB|Win32.Build.0 = Debug TLB|Win32
		{1CEFD830-2B76-4596-A4EE-BCD7280A60BD}.Debug|Win32.ActiveCfg = Debug|Win32
		{1CEFD830-2B76-4596-A4EE-BCD7280A60BD}.Debug|Win32.Build.0 = Debug|Win32
		{1CEFD830-2B76-4596-A4EE-BCD7280A60BD}.Release TLB|Win32.ActiveCfg = Release TLB|Win32
		{1CEFD830-2B76-4596-A4EE-BCD7280A60BD}.Release TLB|Win32.Build.0 = Release TLB|Win32
		{1CEFD830-2B76-4596-A4EE-BCD7280A60BD}.Release|Win32.ActiveCfg = Release|Win32
		{1CEFD830-2B76-4596-A4EE-BCD7280A60BD}.Release|Win32.Build.0 = Release|Win32
	EndGlobalSection
	GlobalSection(SolutionProperties) = preSolution
		HideSolutionNode = FALSE
	EndGlobalSection
EndGlobal
