Microsoft Visual Studio Solution File, Format Version 9.00
# Visual Studio 2005
Project("{EAF909A5-FA59-4C3D-9431-0FCC20D5BCF9}") = "SPU2ghz_vs2005", "SPU2ghz_intel.icproj", "{09981E32-E8D9-465E-A5D2-4077FE49459B}"
EndProject
Global
	GlobalSection(SolutionConfigurationPlatforms) = preSolution
		Debug SSE2|Win32 = Debug SSE2|Win32
		Debug|Win32 = Debug|Win32
		Public Release|Win32 = Public Release|Win32
		Release|Win32 = Release|Win32
	EndGlobalSection
	GlobalSection(ProjectConfigurationPlatforms) = postSolution
		{09981E32-E8D9-465E-A5D2-4077FE49459B}.Debug SSE2|Win32.ActiveCfg = Debug SSE2|Win32
		{09981E32-E8D9-465E-A5D2-4077FE49459B}.Debug SSE2|Win32.Build.0 = Debug SSE2|Win32
		{09981E32-E8D9-465E-A5D2-4077FE49459B}.Debug|Win32.ActiveCfg = Debug|Win32
		{09981E32-E8D9-465E-A5D2-4077FE49459B}.Debug|Win32.Build.0 = Debug|Win32
		{09981E32-E8D9-465E-A5D2-4077FE49459B}.Public Release|Win32.ActiveCfg = Public Release|Win32
		{09981E32-E8D9-465E-A5D2-4077FE49459B}.Public Release|Win32.Build.0 = Public Release|Win32
		{09981E32-E8D9-465E-A5D2-4077FE49459B}.Release|Win32.ActiveCfg = Release|Win32
		{09981E32-E8D9-465E-A5D2-4077FE49459B}.Release|Win32.Build.0 = Release|Win32
		{5307BBB7-EBB9-4AA4-8CB6-A94EC473C8C4}.Release|Win32.Build.0 = Release|Win32
		{5307BBB7-EBB9-4AA4-8CB6-A94EC473C8C4}.Release|Win32.ActiveCfg = Release|Win32
		{5307BBB7-EBB9-4AA4-8CB6-A94EC473C8C4}.Public Release|Win32.Build.0 = Public Release|Win32
		{5307BBB7-EBB9-4AA4-8CB6-A94EC473C8C4}.Public Release|Win32.ActiveCfg = Public Release|Win32
		{5307BBB7-EBB9-4AA4-8CB6-A94EC473C8C4}.Debug|Win32.Build.0 = Debug|Win32
		{5307BBB7-EBB9-4AA4-8CB6-A94EC473C8C4}.Debug|Win32.ActiveCfg = Debug|Win32
		{5307BBB7-EBB9-4AA4-8CB6-A94EC473C8C4}.Debug SSE2|Win32.Build.0 = Debug SSE2|Win32
		{5307BBB7-EBB9-4AA4-8CB6-A94EC473C8C4}.Debug SSE2|Win32.ActiveCfg = Debug SSE2|Win32
	EndGlobalSection
	GlobalSection(SolutionProperties) = preSolution
		HideSolutionNode = FALSE
	EndGlobalSection
EndGlobal
